// !$*UTF8*$!
{
	archiveVersion = 1;
	classes = {
	};
	objectVersion = 56;
	objects = {

/* Begin PBXBuildFile section */
		35315F792B5556F90045014B /* AddModel.swift in Sources */ = {isa = PBXBuildFile; fileRef = 35315F782B5556F90045014B /* AddModel.swift */; };
		35315F7E2B6142A20045014B /* DropDownView.swift in Sources */ = {isa = PBXBuildFile; fileRef = 35315F7D2B6142A20045014B /* DropDownView.swift */; };
		35315F802B6974810045014B /* SettingPage.swift in Sources */ = {isa = PBXBuildFile; fileRef = 35315F7F2B6974810045014B /* SettingPage.swift */; };
		35315F822B6DE1350045014B /* PreviewPage.swift in Sources */ = {isa = PBXBuildFile; fileRef = 35315F812B6DE1350045014B /* PreviewPage.swift */; };
		35315F842B6DE1B80045014B /* LibraryModel.swift in Sources */ = {isa = PBXBuildFile; fileRef = 35315F832B6DE1B80045014B /* LibraryModel.swift */; };
		35315F8D2B6E26A90045014B /* BookData+CoreDataProperties.swift in Sources */ = {isa = PBXBuildFile; fileRef = 35315F8C2B6E26A90045014B /* BookData+CoreDataProperties.swift */; };
		35315F8F2B6E271E0045014B /* Persistence.swift in Sources */ = {isa = PBXBuildFile; fileRef = 35315F8E2B6E271E0045014B /* Persistence.swift */; };
		35315F922B6E27900045014B /* BookData+CoreDataClass.swift in Sources */ = {isa = PBXBuildFile; fileRef = 35315F902B6E27900045014B /* BookData+CoreDataClass.swift */; };
		35315F952B720D150045014B /* SearchBarView.swift in Sources */ = {isa = PBXBuildFile; fileRef = 35315F942B720D150045014B /* SearchBarView.swift */; };
		3542555B2B4BC8B100559413 /* ScanBookApp.swift in Sources */ = {isa = PBXBuildFile; fileRef = 3542555A2B4BC8B100559413 /* ScanBookApp.swift */; };
		3542555D2B4BC8B100559413 /* ContentView.swift in Sources */ = {isa = PBXBuildFile; fileRef = 3542555C2B4BC8B100559413 /* ContentView.swift */; };
		3542555F2B4BC8B200559413 /* Assets.xcassets in Resources */ = {isa = PBXBuildFile; fileRef = 3542555E2B4BC8B200559413 /* Assets.xcassets */; };
		354255622B4BC8B200559413 /* Preview Assets.xcassets in Resources */ = {isa = PBXBuildFile; fileRef = 354255612B4BC8B200559413 /* Preview Assets.xcassets */; };
		354255672B4BC8B200559413 /* ScanBook.xcdatamodeld in Sources */ = {isa = PBXBuildFile; fileRef = 354255652B4BC8B200559413 /* ScanBook.xcdatamodeld */; };
		354255722B4BC8B300559413 /* ScanBookTests.swift in Sources */ = {isa = PBXBuildFile; fileRef = 354255712B4BC8B300559413 /* ScanBookTests.swift */; };
		3542557C2B4BC8B300559413 /* ScanBookUITests.swift in Sources */ = {isa = PBXBuildFile; fileRef = 3542557B2B4BC8B300559413 /* ScanBookUITests.swift */; };
		3542557E2B4BC8B300559413 /* ScanBookUITestsLaunchTests.swift in Sources */ = {isa = PBXBuildFile; fileRef = 3542557D2B4BC8B300559413 /* ScanBookUITestsLaunchTests.swift */; };
		3542558B2B4BDA6A00559413 /* AddPage.swift in Sources */ = {isa = PBXBuildFile; fileRef = 3542558A2B4BDA6A00559413 /* AddPage.swift */; };
		3542558F2B4BDEBB00559413 /* LibraryPage.swift in Sources */ = {isa = PBXBuildFile; fileRef = 3542558E2B4BDEBB00559413 /* LibraryPage.swift */; };
		354255912B4C0BBE00559413 /* TextFieldView .swift in Sources */ = {isa = PBXBuildFile; fileRef = 354255902B4C0BBE00559413 /* TextFieldView .swift */; };
		35545F1F2B79198300B21AB4 /* ScannerView.swift in Sources */ = {isa = PBXBuildFile; fileRef = 35545F1E2B79198300B21AB4 /* ScannerView.swift */; };
		35545F212B7E449D00B21AB4 /* view.swift in Sources */ = {isa = PBXBuildFile; fileRef = 35545F202B7E449D00B21AB4 /* view.swift */; };
		35545F232B7E44C000B21AB4 /* CustomBackButtonView.swift in Sources */ = {isa = PBXBuildFile; fileRef = 35545F222B7E44C000B21AB4 /* CustomBackButtonView.swift */; };
		35545F252B7FBA9700B21AB4 /* ImageMagnificationView.swift in Sources */ = {isa = PBXBuildFile; fileRef = 35545F242B7FBA9700B21AB4 /* ImageMagnificationView.swift */; };
		35545F282B80B09E00B21AB4 /* BookSlider.swift in Sources */ = {isa = PBXBuildFile; fileRef = 35545F272B80B09E00B21AB4 /* BookSlider.swift */; };
		35545F2A2B821C2A00B21AB4 /* PageViewController.swift in Sources */ = {isa = PBXBuildFile; fileRef = 35545F292B821C2A00B21AB4 /* PageViewController.swift */; };
		35545F2D2B82201700B21AB4 /* WithPrevious in Frameworks */ = {isa = PBXBuildFile; productRef = 35545F2C2B82201700B21AB4 /* WithPrevious */; };
		35545F2F2B8497F800B21AB4 /* Bounds.swift in Sources */ = {isa = PBXBuildFile; fileRef = 35545F2E2B8497F800B21AB4 /* Bounds.swift */; };
		35545F322B849FFE00B21AB4 /* UtilDate.swift in Sources */ = {isa = PBXBuildFile; fileRef = 35545F312B849FFE00B21AB4 /* UtilDate.swift */; };
		35545F342B88F9AD00B21AB4 /* Convert.swift in Sources */ = {isa = PBXBuildFile; fileRef = 35545F332B88F9AC00B21AB4 /* Convert.swift */; };
/* End PBXBuildFile section */

/* Begin PBXContainerItemProxy section */
		3542556E2B4BC8B200559413 /* PBXContainerItemProxy */ = {
			isa = PBXContainerItemProxy;
			containerPortal = 3542554F2B4BC8B100559413 /* Project object */;
			proxyType = 1;
			remoteGlobalIDString = 354255562B4BC8B100559413;
			remoteInfo = ScanBook;
		};
		354255782B4BC8B300559413 /* PBXContainerItemProxy */ = {
			isa = PBXContainerItemProxy;
			containerPortal = 3542554F2B4BC8B100559413 /* Project object */;
			proxyType = 1;
			remoteGlobalIDString = 354255562B4BC8B100559413;
			remoteInfo = ScanBook;
		};
/* End PBXContainerItemProxy section */

/* Begin PBXFileReference section */
		35315F782B5556F90045014B /* AddModel.swift */ = {isa = PBXFileReference; lastKnownFileType = sourcecode.swift; path = AddModel.swift; sourceTree = "<group>"; };
		35315F7D2B6142A20045014B /* DropDownView.swift */ = {isa = PBXFileReference; lastKnownFileType = sourcecode.swift; path = DropDownView.swift; sourceTree = "<group>"; };
		35315F7F2B6974810045014B /* SettingPage.swift */ = {isa = PBXFileReference; lastKnownFileType = sourcecode.swift; path = SettingPage.swift; sourceTree = "<group>"; };
		35315F812B6DE1350045014B /* PreviewPage.swift */ = {isa = PBXFileReference; lastKnownFileType = sourcecode.swift; path = PreviewPage.swift; sourceTree = "<group>"; };
		35315F832B6DE1B80045014B /* LibraryModel.swift */ = {isa = PBXFileReference; lastKnownFileType = sourcecode.swift; path = LibraryModel.swift; sourceTree = "<group>"; };
		35315F8C2B6E26A90045014B /* BookData+CoreDataProperties.swift */ = {isa = PBXFileReference; lastKnownFileType = sourcecode.swift; path = "BookData+CoreDataProperties.swift"; sourceTree = "<group>"; };
		35315F8E2B6E271E0045014B /* Persistence.swift */ = {isa = PBXFileReference; lastKnownFileType = sourcecode.swift; path = Persistence.swift; sourceTree = "<group>"; };
		35315F902B6E27900045014B /* BookData+CoreDataClass.swift */ = {isa = PBXFileReference; lastKnownFileType = sourcecode.swift; path = "BookData+CoreDataClass.swift"; sourceTree = "<group>"; };
		35315F942B720D150045014B /* SearchBarView.swift */ = {isa = PBXFileReference; lastKnownFileType = sourcecode.swift; path = SearchBarView.swift; sourceTree = "<group>"; };
		354255572B4BC8B100559413 /* ScanBook.app */ = {isa = PBXFileReference; explicitFileType = wrapper.application; includeInIndex = 0; path = ScanBook.app; sourceTree = BUILT_PRODUCTS_DIR; };
		3542555A2B4BC8B100559413 /* ScanBookApp.swift */ = {isa = PBXFileReference; lastKnownFileType = sourcecode.swift; path = ScanBookApp.swift; sourceTree = "<group>"; };
		3542555C2B4BC8B100559413 /* ContentView.swift */ = {isa = PBXFileReference; lastKnownFileType = sourcecode.swift; path = ContentView.swift; sourceTree = "<group>"; };
		3542555E2B4BC8B200559413 /* Assets.xcassets */ = {isa = PBXFileReference; lastKnownFileType = folder.assetcatalog; path = Assets.xcassets; sourceTree = "<group>"; };
		354255612B4BC8B200559413 /* Preview Assets.xcassets */ = {isa = PBXFileReference; lastKnownFileType = folder.assetcatalog; path = "Preview Assets.xcassets"; sourceTree = "<group>"; };
		354255662B4BC8B200559413 /* ScanBook.xcdatamodel */ = {isa = PBXFileReference; lastKnownFileType = wrapper.xcdatamodel; path = ScanBook.xcdatamodel; sourceTree = "<group>"; };
		354255682B4BC8B200559413 /* Info.plist */ = {isa = PBXFileReference; lastKnownFileType = text.plist.xml; path = Info.plist; sourceTree = "<group>"; };
		3542556D2B4BC8B200559413 /* ScanBookTests.xctest */ = {isa = PBXFileReference; explicitFileType = wrapper.cfbundle; includeInIndex = 0; path = ScanBookTests.xctest; sourceTree = BUILT_PRODUCTS_DIR; };
		354255712B4BC8B300559413 /* ScanBookTests.swift */ = {isa = PBXFileReference; lastKnownFileType = sourcecode.swift; path = ScanBookTests.swift; sourceTree = "<group>"; };
		354255772B4BC8B300559413 /* ScanBookUITests.xctest */ = {isa = PBXFileReference; explicitFileType = wrapper.cfbundle; includeInIndex = 0; path = ScanBookUITests.xctest; sourceTree = BUILT_PRODUCTS_DIR; };
		3542557B2B4BC8B300559413 /* ScanBookUITests.swift */ = {isa = PBXFileReference; lastKnownFileType = sourcecode.swift; path = ScanBookUITests.swift; sourceTree = "<group>"; };
		3542557D2B4BC8B300559413 /* ScanBookUITestsLaunchTests.swift */ = {isa = PBXFileReference; lastKnownFileType = sourcecode.swift; path = ScanBookUITestsLaunchTests.swift; sourceTree = "<group>"; };
		3542558A2B4BDA6A00559413 /* AddPage.swift */ = {isa = PBXFileReference; lastKnownFileType = sourcecode.swift; path = AddPage.swift; sourceTree = "<group>"; };
		3542558E2B4BDEBB00559413 /* LibraryPage.swift */ = {isa = PBXFileReference; lastKnownFileType = sourcecode.swift; path = LibraryPage.swift; sourceTree = "<group>"; };
		354255902B4C0BBE00559413 /* TextFieldView .swift */ = {isa = PBXFileReference; lastKnownFileType = sourcecode.swift; path = "TextFieldView .swift"; sourceTree = "<group>"; };
		35545F1E2B79198300B21AB4 /* ScannerView.swift */ = {isa = PBXFileReference; lastKnownFileType = sourcecode.swift; path = ScannerView.swift; sourceTree = "<group>"; };
		35545F202B7E449D00B21AB4 /* view.swift */ = {isa = PBXFileReference; lastKnownFileType = sourcecode.swift; path = view.swift; sourceTree = "<group>"; };
		35545F222B7E44C000B21AB4 /* CustomBackButtonView.swift */ = {isa = PBXFileReference; lastKnownFileType = sourcecode.swift; path = CustomBackButtonView.swift; sourceTree = "<group>"; };
		35545F242B7FBA9700B21AB4 /* ImageMagnificationView.swift */ = {isa = PBXFileReference; lastKnownFileType = sourcecode.swift; path = ImageMagnificationView.swift; sourceTree = "<group>"; };
		35545F272B80B09E00B21AB4 /* BookSlider.swift */ = {isa = PBXFileReference; lastKnownFileType = sourcecode.swift; path = BookSlider.swift; sourceTree = "<group>"; };
		35545F292B821C2A00B21AB4 /* PageViewController.swift */ = {isa = PBXFileReference; lastKnownFileType = sourcecode.swift; path = PageViewController.swift; sourceTree = "<group>"; };
		35545F2E2B8497F800B21AB4 /* Bounds.swift */ = {isa = PBXFileReference; lastKnownFileType = sourcecode.swift; path = Bounds.swift; sourceTree = "<group>"; };
		35545F312B849FFE00B21AB4 /* UtilDate.swift */ = {isa = PBXFileReference; lastKnownFileType = sourcecode.swift; path = UtilDate.swift; sourceTree = "<group>"; };
		35545F332B88F9AC00B21AB4 /* Convert.swift */ = {isa = PBXFileReference; lastKnownFileType = sourcecode.swift; path = Convert.swift; sourceTree = "<group>"; };
/* End PBXFileReference section */

/* Begin PBXFrameworksBuildPhase section */
		354255542B4BC8B100559413 /* Frameworks */ = {
			isa = PBXFrameworksBuildPhase;
			buildActionMask = 2147483647;
			files = (
				35545F2D2B82201700B21AB4 /* WithPrevious in Frameworks */,
			);
			runOnlyForDeploymentPostprocessing = 0;
		};
		3542556A2B4BC8B200559413 /* Frameworks */ = {
			isa = PBXFrameworksBuildPhase;
			buildActionMask = 2147483647;
			files = (
			);
			runOnlyForDeploymentPostprocessing = 0;
		};
		354255742B4BC8B300559413 /* Frameworks */ = {
			isa = PBXFrameworksBuildPhase;
			buildActionMask = 2147483647;
			files = (
			);
			runOnlyForDeploymentPostprocessing = 0;
		};
/* End PBXFrameworksBuildPhase section */

/* Begin PBXGroup section */
		35315F772B5553060045014B /* ViewModel */ = {
			isa = PBXGroup;
			children = (
				35315F782B5556F90045014B /* AddModel.swift */,
				35315F832B6DE1B80045014B /* LibraryModel.swift */,
			);
			path = ViewModel;
			sourceTree = "<group>";
		};
		35315F7C2B5D18240045014B /* Servise */ = {
			isa = PBXGroup;
			children = (
				35545F1E2B79198300B21AB4 /* ScannerView.swift */,
			);
			path = Servise;
			sourceTree = "<group>";
		};
		35315F892B6E23BC0045014B /* model */ = {
			isa = PBXGroup;
			children = (
				354255652B4BC8B200559413 /* ScanBook.xcdatamodeld */,
				35315F902B6E27900045014B /* BookData+CoreDataClass.swift */,
				35315F8C2B6E26A90045014B /* BookData+CoreDataProperties.swift */,
			);
			path = model;
			sourceTree = "<group>";
		};
		3542554E2B4BC8B100559413 = {
			isa = PBXGroup;
			children = (
				354255592B4BC8B100559413 /* ScanBook */,
				354255702B4BC8B300559413 /* ScanBookTests */,
				3542557A2B4BC8B300559413 /* ScanBookUITests */,
				354255582B4BC8B100559413 /* Products */,
			);
			sourceTree = "<group>";
		};
		354255582B4BC8B100559413 /* Products */ = {
			isa = PBXGroup;
			children = (
				354255572B4BC8B100559413 /* ScanBook.app */,
				3542556D2B4BC8B200559413 /* ScanBookTests.xctest */,
				354255772B4BC8B300559413 /* ScanBookUITests.xctest */,
			);
			name = Products;
			sourceTree = "<group>";
		};
		354255592B4BC8B100559413 /* ScanBook */ = {
			isa = PBXGroup;
			children = (
				35545F262B80A49200B21AB4 /* Utils */,
				35315F892B6E23BC0045014B /* model */,
				35315F7C2B5D18240045014B /* Servise */,
				35315F772B5553060045014B /* ViewModel */,
				3542558C2B4BDA7400559413 /* view */,
				3542555A2B4BC8B100559413 /* ScanBookApp.swift */,
				3542555C2B4BC8B100559413 /* ContentView.swift */,
				3542555E2B4BC8B200559413 /* Assets.xcassets */,
				354255682B4BC8B200559413 /* Info.plist */,
				354255602B4BC8B200559413 /* Preview Content */,
				35315F8E2B6E271E0045014B /* Persistence.swift */,
			);
			path = ScanBook;
			sourceTree = "<group>";
		};
		354255602B4BC8B200559413 /* Preview Content */ = {
			isa = PBXGroup;
			children = (
				354255612B4BC8B200559413 /* Preview Assets.xcassets */,
			);
			path = "Preview Content";
			sourceTree = "<group>";
		};
		354255702B4BC8B300559413 /* ScanBookTests */ = {
			isa = PBXGroup;
			children = (
				354255712B4BC8B300559413 /* ScanBookTests.swift */,
			);
			path = ScanBookTests;
			sourceTree = "<group>";
		};
		3542557A2B4BC8B300559413 /* ScanBookUITests */ = {
			isa = PBXGroup;
			children = (
				3542557B2B4BC8B300559413 /* ScanBookUITests.swift */,
				3542557D2B4BC8B300559413 /* ScanBookUITestsLaunchTests.swift */,
			);
			path = ScanBookUITests;
			sourceTree = "<group>";
		};
		3542558C2B4BDA7400559413 /* view */ = {
			isa = PBXGroup;
			children = (
				3542558D2B4BDA8700559413 /* Page */,
				354255902B4C0BBE00559413 /* TextFieldView .swift */,
				35315F7D2B6142A20045014B /* DropDownView.swift */,
				35315F942B720D150045014B /* SearchBarView.swift */,
				35545F202B7E449D00B21AB4 /* view.swift */,
				35545F222B7E44C000B21AB4 /* CustomBackButtonView.swift */,
				35545F242B7FBA9700B21AB4 /* ImageMagnificationView.swift */,
				35545F272B80B09E00B21AB4 /* BookSlider.swift */,
				35545F292B821C2A00B21AB4 /* PageViewController.swift */,
			);
			path = view;
			sourceTree = "<group>";
		};
		3542558D2B4BDA8700559413 /* Page */ = {
			isa = PBXGroup;
			children = (
				3542558A2B4BDA6A00559413 /* AddPage.swift */,
				3542558E2B4BDEBB00559413 /* LibraryPage.swift */,
				35315F7F2B6974810045014B /* SettingPage.swift */,
				35315F812B6DE1350045014B /* PreviewPage.swift */,
			);
			path = Page;
			sourceTree = "<group>";
		};
		35545F262B80A49200B21AB4 /* Utils */ = {
			isa = PBXGroup;
			children = (
				35545F2E2B8497F800B21AB4 /* Bounds.swift */,
				35545F312B849FFE00B21AB4 /* UtilDate.swift */,
				35545F332B88F9AC00B21AB4 /* Convert.swift */,
			);
			path = Utils;
			sourceTree = "<group>";
		};
/* End PBXGroup section */

/* Begin PBXNativeTarget section */
		354255562B4BC8B100559413 /* ScanBook */ = {
			isa = PBXNativeTarget;
			buildConfigurationList = 354255812B4BC8B300559413 /* Build configuration list for PBXNativeTarget "ScanBook" */;
			buildPhases = (
				354255532B4BC8B100559413 /* Sources */,
				354255542B4BC8B100559413 /* Frameworks */,
				354255552B4BC8B100559413 /* Resources */,
			);
			buildRules = (
			);
			dependencies = (
			);
			name = ScanBook;
			packageProductDependencies = (
				35545F2C2B82201700B21AB4 /* WithPrevious */,
			);
			productName = ScanBook;
			productReference = 354255572B4BC8B100559413 /* ScanBook.app */;
			productType = "com.apple.product-type.application";
		};
		3542556C2B4BC8B200559413 /* ScanBookTests */ = {
			isa = PBXNativeTarget;
			buildConfigurationList = 354255842B4BC8B300559413 /* Build configuration list for PBXNativeTarget "ScanBookTests" */;
			buildPhases = (
				354255692B4BC8B200559413 /* Sources */,
				3542556A2B4BC8B200559413 /* Frameworks */,
				3542556B2B4BC8B200559413 /* Resources */,
			);
			buildRules = (
			);
			dependencies = (
				3542556F2B4BC8B200559413 /* PBXTargetDependency */,
			);
			name = ScanBookTests;
			productName = ScanBookTests;
			productReference = 3542556D2B4BC8B200559413 /* ScanBookTests.xctest */;
			productType = "com.apple.product-type.bundle.unit-test";
		};
		354255762B4BC8B300559413 /* ScanBookUITests */ = {
			isa = PBXNativeTarget;
			buildConfigurationList = 354255872B4BC8B300559413 /* Build configuration list for PBXNativeTarget "ScanBookUITests" */;
			buildPhases = (
				354255732B4BC8B300559413 /* Sources */,
				354255742B4BC8B300559413 /* Frameworks */,
				354255752B4BC8B300559413 /* Resources */,
			);
			buildRules = (
			);
			dependencies = (
				354255792B4BC8B300559413 /* PBXTargetDependency */,
			);
			name = ScanBookUITests;
			productName = ScanBookUITests;
			productReference = 354255772B4BC8B300559413 /* ScanBookUITests.xctest */;
			productType = "com.apple.product-type.bundle.ui-testing";
		};
/* End PBXNativeTarget section */

/* Begin PBXProject section */
		3542554F2B4BC8B100559413 /* Project object */ = {
			isa = PBXProject;
			attributes = {
				BuildIndependentTargetsInParallel = 1;
				LastSwiftUpdateCheck = 1430;
				LastUpgradeCheck = 1430;
				TargetAttributes = {
					354255562B4BC8B100559413 = {
						CreatedOnToolsVersion = 14.3;
					};
					3542556C2B4BC8B200559413 = {
						CreatedOnToolsVersion = 14.3;
						TestTargetID = 354255562B4BC8B100559413;
					};
					354255762B4BC8B300559413 = {
						CreatedOnToolsVersion = 14.3;
						TestTargetID = 354255562B4BC8B100559413;
					};
				};
			};
			buildConfigurationList = 354255522B4BC8B100559413 /* Build configuration list for PBXProject "ScanBook" */;
			compatibilityVersion = "Xcode 14.0";
			developmentRegion = en;
			hasScannedForEncodings = 0;
			knownRegions = (
				en,
				Base,
			);
			mainGroup = 3542554E2B4BC8B100559413;
			packageReferences = (
				35545F2B2B82201700B21AB4 /* XCRemoteSwiftPackageReference "swift-with-previous" */,
			);
			productRefGroup = 354255582B4BC8B100559413 /* Products */;
			projectDirPath = "";
			projectRoot = "";
			targets = (
				354255562B4BC8B100559413 /* ScanBook */,
				3542556C2B4BC8B200559413 /* ScanBookTests */,
				354255762B4BC8B300559413 /* ScanBookUITests */,
			);
		};
/* End PBXProject section */

/* Begin PBXResourcesBuildPhase section */
		354255552B4BC8B100559413 /* Resources */ = {
			isa = PBXResourcesBuildPhase;
			buildActionMask = 2147483647;
			files = (
				354255622B4BC8B200559413 /* Preview Assets.xcassets in Resources */,
				3542555F2B4BC8B200559413 /* Assets.xcassets in Resources */,
			);
			runOnlyForDeploymentPostprocessing = 0;
		};
		3542556B2B4BC8B200559413 /* Resources */ = {
			isa = PBXResourcesBuildPhase;
			buildActionMask = 2147483647;
			files = (
			);
			runOnlyForDeploymentPostprocessing = 0;
		};
		354255752B4BC8B300559413 /* Resources */ = {
			isa = PBXResourcesBuildPhase;
			buildActionMask = 2147483647;
			files = (
			);
			runOnlyForDeploymentPostprocessing = 0;
		};
/* End PBXResourcesBuildPhase section */

/* Begin PBXSourcesBuildPhase section */
		354255532B4BC8B100559413 /* Sources */ = {
			isa = PBXSourcesBuildPhase;
			buildActionMask = 2147483647;
			files = (
				354255912B4C0BBE00559413 /* TextFieldView .swift in Sources */,
				35545F342B88F9AD00B21AB4 /* Convert.swift in Sources */,
				35545F212B7E449D00B21AB4 /* view.swift in Sources */,
				35545F232B7E44C000B21AB4 /* CustomBackButtonView.swift in Sources */,
				35315F8F2B6E271E0045014B /* Persistence.swift in Sources */,
				35315F7E2B6142A20045014B /* DropDownView.swift in Sources */,
				35545F1F2B79198300B21AB4 /* ScannerView.swift in Sources */,
				3542558F2B4BDEBB00559413 /* LibraryPage.swift in Sources */,
				35545F322B849FFE00B21AB4 /* UtilDate.swift in Sources */,
				35315F952B720D150045014B /* SearchBarView.swift in Sources */,
				35315F822B6DE1350045014B /* PreviewPage.swift in Sources */,
				35315F842B6DE1B80045014B /* LibraryModel.swift in Sources */,
				35315F792B5556F90045014B /* AddModel.swift in Sources */,
				354255672B4BC8B200559413 /* ScanBook.xcdatamodeld in Sources */,
				35545F252B7FBA9700B21AB4 /* ImageMagnificationView.swift in Sources */,
				35545F282B80B09E00B21AB4 /* BookSlider.swift in Sources */,
				35315F922B6E27900045014B /* BookData+CoreDataClass.swift in Sources */,
				35545F2A2B821C2A00B21AB4 /* PageViewController.swift in Sources */,
				3542555D2B4BC8B100559413 /* ContentView.swift in Sources */,
				35315F802B6974810045014B /* SettingPage.swift in Sources */,
				35315F8D2B6E26A90045014B /* BookData+CoreDataProperties.swift in Sources */,
				3542558B2B4BDA6A00559413 /* AddPage.swift in Sources */,
				35545F2F2B8497F800B21AB4 /* Bounds.swift in Sources */,
				3542555B2B4BC8B100559413 /* ScanBookApp.swift in Sources */,
			);
			runOnlyForDeploymentPostprocessing = 0;
		};
		354255692B4BC8B200559413 /* Sources */ = {
			isa = PBXSourcesBuildPhase;
			buildActionMask = 2147483647;
			files = (
				354255722B4BC8B300559413 /* ScanBookTests.swift in Sources */,
			);
			runOnlyForDeploymentPostprocessing = 0;
		};
		354255732B4BC8B300559413 /* Sources */ = {
			isa = PBXSourcesBuildPhase;
			buildActionMask = 2147483647;
			files = (
				3542557E2B4BC8B300559413 /* ScanBookUITestsLaunchTests.swift in Sources */,
				3542557C2B4BC8B300559413 /* ScanBookUITests.swift in Sources */,
			);
			runOnlyForDeploymentPostprocessing = 0;
		};
/* End PBXSourcesBuildPhase section */

/* Begin PBXTargetDependency section */
		3542556F2B4BC8B200559413 /* PBXTargetDependency */ = {
			isa = PBXTargetDependency;
			target = 354255562B4BC8B100559413 /* ScanBook */;
			targetProxy = 3542556E2B4BC8B200559413 /* PBXContainerItemProxy */;
		};
		354255792B4BC8B300559413 /* PBXTargetDependency */ = {
			isa = PBXTargetDependency;
			target = 354255562B4BC8B100559413 /* ScanBook */;
			targetProxy = 354255782B4BC8B300559413 /* PBXContainerItemProxy */;
		};
/* End PBXTargetDependency section */

/* Begin XCBuildConfiguration section */
		3542557F2B4BC8B300559413 /* Debug */ = {
			isa = XCBuildConfiguration;
			buildSettings = {
				ALWAYS_SEARCH_USER_PATHS = NO;
				CLANG_ANALYZER_NONNULL = YES;
				CLANG_ANALYZER_NUMBER_OBJECT_CONVERSION = YES_AGGRESSIVE;
				CLANG_CXX_LANGUAGE_STANDARD = "gnu++20";
				CLANG_ENABLE_MODULES = YES;
				CLANG_ENABLE_OBJC_ARC = YES;
				CLANG_ENABLE_OBJC_WEAK = YES;
				CLANG_WARN_BLOCK_CAPTURE_AUTORELEASING = YES;
				CLANG_WARN_BOOL_CONVERSION = YES;
				CLANG_WARN_COMMA = YES;
				CLANG_WARN_CONSTANT_CONVERSION = YES;
				CLANG_WARN_DEPRECATED_OBJC_IMPLEMENTATIONS = YES;
				CLANG_WARN_DIRECT_OBJC_ISA_USAGE = YES_ERROR;
				CLANG_WARN_DOCUMENTATION_COMMENTS = YES;
				CLANG_WARN_EMPTY_BODY = YES;
				CLANG_WARN_ENUM_CONVERSION = YES;
				CLANG_WARN_INFINITE_RECURSION = YES;
				CLANG_WARN_INT_CONVERSION = YES;
				CLANG_WARN_NON_LITERAL_NULL_CONVERSION = YES;
				CLANG_WARN_OBJC_IMPLICIT_RETAIN_SELF = YES;
				CLANG_WARN_OBJC_LITERAL_CONVERSION = YES;
				CLANG_WARN_OBJC_ROOT_CLASS = YES_ERROR;
				CLANG_WARN_QUOTED_INCLUDE_IN_FRAMEWORK_HEADER = YES;
				CLANG_WARN_RANGE_LOOP_ANALYSIS = YES;
				CLANG_WARN_STRICT_PROTOTYPES = YES;
				CLANG_WARN_SUSPICIOUS_MOVE = YES;
				CLANG_WARN_UNGUARDED_AVAILABILITY = YES_AGGRESSIVE;
				CLANG_WARN_UNREACHABLE_CODE = YES;
				CLANG_WARN__DUPLICATE_METHOD_MATCH = YES;
				COPY_PHASE_STRIP = NO;
				DEBUG_INFORMATION_FORMAT = dwarf;
				ENABLE_STRICT_OBJC_MSGSEND = YES;
				ENABLE_TESTABILITY = YES;
				GCC_C_LANGUAGE_STANDARD = gnu11;
				GCC_DYNAMIC_NO_PIC = NO;
				GCC_NO_COMMON_BLOCKS = YES;
				GCC_OPTIMIZATION_LEVEL = 0;
				GCC_PREPROCESSOR_DEFINITIONS = (
					"DEBUG=1",
					"$(inherited)",
				);
				GCC_WARN_64_TO_32_BIT_CONVERSION = YES;
				GCC_WARN_ABOUT_RETURN_TYPE = YES_ERROR;
				GCC_WARN_UNDECLARED_SELECTOR = YES;
				GCC_WARN_UNINITIALIZED_AUTOS = YES_AGGRESSIVE;
				GCC_WARN_UNUSED_FUNCTION = YES;
				GCC_WARN_UNUSED_VARIABLE = YES;
				IPHONEOS_DEPLOYMENT_TARGET = 16.4;
				MTL_ENABLE_DEBUG_INFO = INCLUDE_SOURCE;
				MTL_FAST_MATH = YES;
				ONLY_ACTIVE_ARCH = YES;
				SDKROOT = iphoneos;
				SWIFT_ACTIVE_COMPILATION_CONDITIONS = DEBUG;
				SWIFT_OPTIMIZATION_LEVEL = "-Onone";
			};
			name = Debug;
		};
		354255802B4BC8B300559413 /* Release */ = {
			isa = XCBuildConfiguration;
			buildSettings = {
				ALWAYS_SEARCH_USER_PATHS = NO;
				CLANG_ANALYZER_NONNULL = YES;
				CLANG_ANALYZER_NUMBER_OBJECT_CONVERSION = YES_AGGRESSIVE;
				CLANG_CXX_LANGUAGE_STANDARD = "gnu++20";
				CLANG_ENABLE_MODULES = YES;
				CLANG_ENABLE_OBJC_ARC = YES;
				CLANG_ENABLE_OBJC_WEAK = YES;
				CLANG_WARN_BLOCK_CAPTURE_AUTORELEASING = YES;
				CLANG_WARN_BOOL_CONVERSION = YES;
				CLANG_WARN_COMMA = YES;
				CLANG_WARN_CONSTANT_CONVERSION = YES;
				CLANG_WARN_DEPRECATED_OBJC_IMPLEMENTATIONS = YES;
				CLANG_WARN_DIRECT_OBJC_ISA_USAGE = YES_ERROR;
				CLANG_WARN_DOCUMENTATION_COMMENTS = YES;
				CLANG_WARN_EMPTY_BODY = YES;
				CLANG_WARN_ENUM_CONVERSION = YES;
				CLANG_WARN_INFINITE_RECURSION = YES;
				CLANG_WARN_INT_CONVERSION = YES;
				CLANG_WARN_NON_LITERAL_NULL_CONVERSION = YES;
				CLANG_WARN_OBJC_IMPLICIT_RETAIN_SELF = YES;
				CLANG_WARN_OBJC_LITERAL_CONVERSION = YES;
				CLANG_WARN_OBJC_ROOT_CLASS = YES_ERROR;
				CLANG_WARN_QUOTED_INCLUDE_IN_FRAMEWORK_HEADER = YES;
				CLANG_WARN_RANGE_LOOP_ANALYSIS = YES;
				CLANG_WARN_STRICT_PROTOTYPES = YES;
				CLANG_WARN_SUSPICIOUS_MOVE = YES;
				CLANG_WARN_UNGUARDED_AVAILABILITY = YES_AGGRESSIVE;
				CLANG_WARN_UNREACHABLE_CODE = YES;
				CLANG_WARN__DUPLICATE_METHOD_MATCH = YES;
				COPY_PHASE_STRIP = NO;
				DEBUG_INFORMATION_FORMAT = "dwarf-with-dsym";
				ENABLE_NS_ASSERTIONS = NO;
				ENABLE_STRICT_OBJC_MSGSEND = YES;
				GCC_C_LANGUAGE_STANDARD = gnu11;
				GCC_NO_COMMON_BLOCKS = YES;
				GCC_WARN_64_TO_32_BIT_CONVERSION = YES;
				GCC_WARN_ABOUT_RETURN_TYPE = YES_ERROR;
				GCC_WARN_UNDECLARED_SELECTOR = YES;
				GCC_WARN_UNINITIALIZED_AUTOS = YES_AGGRESSIVE;
				GCC_WARN_UNUSED_FUNCTION = YES;
				GCC_WARN_UNUSED_VARIABLE = YES;
				IPHONEOS_DEPLOYMENT_TARGET = 16.4;
				MTL_ENABLE_DEBUG_INFO = NO;
				MTL_FAST_MATH = YES;
				SDKROOT = iphoneos;
				SWIFT_COMPILATION_MODE = wholemodule;
				SWIFT_OPTIMIZATION_LEVEL = "-O";
				VALIDATE_PRODUCT = YES;
			};
			name = Release;
		};
		354255822B4BC8B300559413 /* Debug */ = {
			isa = XCBuildConfiguration;
			buildSettings = {
				ASSETCATALOG_COMPILER_APPICON_NAME = AppIcon;
				ASSETCATALOG_COMPILER_GLOBAL_ACCENT_COLOR_NAME = AccentColor;
				CODE_SIGN_STYLE = Automatic;
				CURRENT_PROJECT_VERSION = 1;
				DEVELOPMENT_ASSET_PATHS = "\"ScanBook/Preview Content\"";
				DEVELOPMENT_TEAM = 2GKXFJ7B26;
				ENABLE_PREVIEWS = YES;
				GENERATE_INFOPLIST_FILE = YES;
				INFOPLIST_KEY_NSCameraUsageDescription = "本や書類をスキャンするために、カメラを使用します。";
				INFOPLIST_KEY_UIApplicationSceneManifest_Generation = YES;
				INFOPLIST_KEY_UIApplicationSupportsIndirectInputEvents = YES;
				INFOPLIST_KEY_UILaunchScreen_Generation = YES;
				INFOPLIST_KEY_UISupportedInterfaceOrientations_iPad = "UIInterfaceOrientationPortrait UIInterfaceOrientationPortraitUpsideDown UIInterfaceOrientationLandscapeLeft UIInterfaceOrientationLandscapeRight";
				INFOPLIST_KEY_UISupportedInterfaceOrientations_iPhone = "UIInterfaceOrientationPortrait UIInterfaceOrientationLandscapeLeft UIInterfaceOrientationLandscapeRight";
				LD_RUNPATH_SEARCH_PATHS = (
					"$(inherited)",
					"@executable_path/Frameworks",
				);
				MARKETING_VERSION = 1.0;
				PRODUCT_BUNDLE_IDENTIFIER = com.ScanBook;
				PRODUCT_NAME = "$(TARGET_NAME)";
				SWIFT_EMIT_LOC_STRINGS = YES;
				SWIFT_VERSION = 5.0;
				TARGETED_DEVICE_FAMILY = "1,2";
			};
			name = Debug;
		};
		354255832B4BC8B300559413 /* Release */ = {
			isa = XCBuildConfiguration;
			buildSettings = {
				ASSETCATALOG_COMPILER_APPICON_NAME = AppIcon;
				ASSETCATALOG_COMPILER_GLOBAL_ACCENT_COLOR_NAME = AccentColor;
				CODE_SIGN_STYLE = Automatic;
				CURRENT_PROJECT_VERSION = 1;
				DEVELOPMENT_ASSET_PATHS = "\"ScanBook/Preview Content\"";
				DEVELOPMENT_TEAM = 2GKXFJ7B26;
				ENABLE_PREVIEWS = YES;
				GENERATE_INFOPLIST_FILE = YES;
				INFOPLIST_KEY_NSCameraUsageDescription = "本や書類をスキャンするために、カメラを使用します。";
				INFOPLIST_KEY_UIApplicationSceneManifest_Generation = YES;
				INFOPLIST_KEY_UIApplicationSupportsIndirectInputEvents = YES;
				INFOPLIST_KEY_UILaunchScreen_Generation = YES;
				INFOPLIST_KEY_UISupportedInterfaceOrientations_iPad = "UIInterfaceOrientationPortrait UIInterfaceOrientationPortraitUpsideDown UIInterfaceOrientationLandscapeLeft UIInterfaceOrientationLandscapeRight";
				INFOPLIST_KEY_UISupportedInterfaceOrientations_iPhone = "UIInterfaceOrientationPortrait UIInterfaceOrientationLandscapeLeft UIInterfaceOrientationLandscapeRight";
				LD_RUNPATH_SEARCH_PATHS = (
					"$(inherited)",
					"@executable_path/Frameworks",
				);
				MARKETING_VERSION = 1.0;
				PRODUCT_BUNDLE_IDENTIFIER = com.ScanBook;
				PRODUCT_NAME = "$(TARGET_NAME)";
				SWIFT_EMIT_LOC_STRINGS = YES;
				SWIFT_VERSION = 5.0;
				TARGETED_DEVICE_FAMILY = "1,2";
			};
			name = Release;
		};
		354255852B4BC8B300559413 /* Debug */ = {
			isa = XCBuildConfiguration;
			buildSettings = {
				ALWAYS_EMBED_SWIFT_STANDARD_LIBRARIES = YES;
				BUNDLE_LOADER = "$(TEST_HOST)";
				CODE_SIGN_STYLE = Automatic;
				CURRENT_PROJECT_VERSION = 1;
				DEVELOPMENT_TEAM = 2GKXFJ7B26;
				GENERATE_INFOPLIST_FILE = YES;
				IPHONEOS_DEPLOYMENT_TARGET = 16.4;
				MARKETING_VERSION = 1.0;
				PRODUCT_BUNDLE_IDENTIFIER = com.ScanBookTests;
				PRODUCT_NAME = "$(TARGET_NAME)";
				SWIFT_EMIT_LOC_STRINGS = NO;
				SWIFT_VERSION = 5.0;
				TARGETED_DEVICE_FAMILY = "1,2";
				TEST_HOST = "$(BUILT_PRODUCTS_DIR)/ScanBook.app/$(BUNDLE_EXECUTABLE_FOLDER_PATH)/ScanBook";
			};
			name = Debug;
		};
		354255862B4BC8B300559413 /* Release */ = {
			isa = XCBuildConfiguration;
			buildSettings = {
				ALWAYS_EMBED_SWIFT_STANDARD_LIBRARIES = YES;
				BUNDLE_LOADER = "$(TEST_HOST)";
				CODE_SIGN_STYLE = Automatic;
				CURRENT_PROJECT_VERSION = 1;
				DEVELOPMENT_TEAM = 2GKXFJ7B26;
				GENERATE_INFOPLIST_FILE = YES;
				IPHONEOS_DEPLOYMENT_TARGET = 16.4;
				MARKETING_VERSION = 1.0;
				PRODUCT_BUNDLE_IDENTIFIER = com.ScanBookTests;
				PRODUCT_NAME = "$(TARGET_NAME)";
				SWIFT_EMIT_LOC_STRINGS = NO;
				SWIFT_VERSION = 5.0;
				TARGETED_DEVICE_FAMILY = "1,2";
				TEST_HOST = "$(BUILT_PRODUCTS_DIR)/ScanBook.app/$(BUNDLE_EXECUTABLE_FOLDER_PATH)/ScanBook";
			};
			name = Release;
		};
		354255882B4BC8B300559413 /* Debug */ = {
			isa = XCBuildConfiguration;
			buildSettings = {
				ALWAYS_EMBED_SWIFT_STANDARD_LIBRARIES = YES;
				CODE_SIGN_STYLE = Automatic;
				CURRENT_PROJECT_VERSION = 1;
				DEVELOPMENT_TEAM = 2GKXFJ7B26;
				GENERATE_INFOPLIST_FILE = YES;
				IPHONEOS_DEPLOYMENT_TARGET = 16.2;
				MARKETING_VERSION = 1.0;
				PRODUCT_BUNDLE_IDENTIFIER = com.ScanBookUITests;
				PRODUCT_NAME = "$(TARGET_NAME)";
				SWIFT_EMIT_LOC_STRINGS = NO;
				SWIFT_VERSION = 5.0;
				TARGETED_DEVICE_FAMILY = "1,2";
				TEST_TARGET_NAME = ScanBook;
			};
			name = Debug;
		};
		354255892B4BC8B300559413 /* Release */ = {
			isa = XCBuildConfiguration;
			buildSettings = {
				ALWAYS_EMBED_SWIFT_STANDARD_LIBRARIES = YES;
				CODE_SIGN_STYLE = Automatic;
				CURRENT_PROJECT_VERSION = 1;
				DEVELOPMENT_TEAM = 2GKXFJ7B26;
				GENERATE_INFOPLIST_FILE = YES;
				IPHONEOS_DEPLOYMENT_TARGET = 16.2;
				MARKETING_VERSION = 1.0;
				PRODUCT_BUNDLE_IDENTIFIER = com.ScanBookUITests;
				PRODUCT_NAME = "$(TARGET_NAME)";
				SWIFT_EMIT_LOC_STRINGS = NO;
				SWIFT_VERSION = 5.0;
				TARGETED_DEVICE_FAMILY = "1,2";
				TEST_TARGET_NAME = ScanBook;
			};
			name = Release;
		};
/* End XCBuildConfiguration section */

/* Begin XCConfigurationList section */
		354255522B4BC8B100559413 /* Build configuration list for PBXProject "ScanBook" */ = {
			isa = XCConfigurationList;
			buildConfigurations = (
				3542557F2B4BC8B300559413 /* Debug */,
				354255802B4BC8B300559413 /* Release */,
			);
			defaultConfigurationIsVisible = 0;
			defaultConfigurationName = Release;
		};
		354255812B4BC8B300559413 /* Build configuration list for PBXNativeTarget "ScanBook" */ = {
			isa = XCConfigurationList;
			buildConfigurations = (
				354255822B4BC8B300559413 /* Debug */,
				354255832B4BC8B300559413 /* Release */,
			);
			defaultConfigurationIsVisible = 0;
			defaultConfigurationName = Release;
		};
		354255842B4BC8B300559413 /* Build configuration list for PBXNativeTarget "ScanBookTests" */ = {
			isa = XCConfigurationList;
			buildConfigurations = (
				354255852B4BC8B300559413 /* Debug */,
				354255862B4BC8B300559413 /* Release */,
			);
			defaultConfigurationIsVisible = 0;
			defaultConfigurationName = Release;
		};
		354255872B4BC8B300559413 /* Build configuration list for PBXNativeTarget "ScanBookUITests" */ = {
			isa = XCConfigurationList;
			buildConfigurations = (
				354255882B4BC8B300559413 /* Debug */,
				354255892B4BC8B300559413 /* Release */,
			);
			defaultConfigurationIsVisible = 0;
			defaultConfigurationName = Release;
		};
/* End XCConfigurationList section */

/* Begin XCRemoteSwiftPackageReference section */
		35545F2B2B82201700B21AB4 /* XCRemoteSwiftPackageReference "swift-with-previous" */ = {
			isa = XCRemoteSwiftPackageReference;
			repositoryURL = "https://github.com/ikesyo/swift-with-previous.git";
			requirement = {
				kind = upToNextMajorVersion;
				minimumVersion = 1.0.0;
			};
		};
/* End XCRemoteSwiftPackageReference section */

/* Begin XCSwiftPackageProductDependency section */
		35545F2C2B82201700B21AB4 /* WithPrevious */ = {
			isa = XCSwiftPackageProductDependency;
			package = 35545F2B2B82201700B21AB4 /* XCRemoteSwiftPackageReference "swift-with-previous" */;
			productName = WithPrevious;
		};
/* End XCSwiftPackageProductDependency section */

/* Begin XCVersionGroup section */
		354255652B4BC8B200559413 /* ScanBook.xcdatamodeld */ = {
			isa = XCVersionGroup;
			children = (
				354255662B4BC8B200559413 /* ScanBook.xcdatamodel */,
			);
			currentVersion = 354255662B4BC8B200559413 /* ScanBook.xcdatamodel */;
			path = ScanBook.xcdatamodeld;
			sourceTree = "<group>";
			versionGroupType = wrapper.xcdatamodel;
		};
/* End XCVersionGroup section */
	};
	rootObject = 3542554F2B4BC8B100559413 /* Project object */;
}
