// !$*UTF8*$!
{
	archiveVersion = 1;
	classes = {
	};
	objectVersion = 56;
	objects = {

/* Begin PBXBuildFile section */
		350ED2662BBAA1970051A11E /* HomeModel.swift in Sources */ = {isa = PBXBuildFile; fileRef = 350ED2652BBAA1970051A11E /* HomeModel.swift */; };
		350ED2692BBBDF1A0051A11E /* AlertMessage in Frameworks */ = {isa = PBXBuildFile; productRef = 350ED2682BBBDF1A0051A11E /* AlertMessage */; };
		352A7F192BE631A4005E06BD /* SwiftUIRippleEffect in Frameworks */ = {isa = PBXBuildFile; productRef = 352A7F182BE631A4005E06BD /* SwiftUIRippleEffect */; };
		35315F792B5556F90045014B /* AddModel.swift in Sources */ = {isa = PBXBuildFile; fileRef = 35315F782B5556F90045014B /* AddModel.swift */; };
		35315F7E2B6142A20045014B /* DropDownView.swift in Sources */ = {isa = PBXBuildFile; fileRef = 35315F7D2B6142A20045014B /* DropDownView.swift */; };
		35315F802B6974810045014B /* SettingPage.swift in Sources */ = {isa = PBXBuildFile; fileRef = 35315F7F2B6974810045014B /* SettingPage.swift */; };
		35315F822B6DE1350045014B /* PreviewPage.swift in Sources */ = {isa = PBXBuildFile; fileRef = 35315F812B6DE1350045014B /* PreviewPage.swift */; };
		35315F842B6DE1B80045014B /* LibraryModel.swift in Sources */ = {isa = PBXBuildFile; fileRef = 35315F832B6DE1B80045014B /* LibraryModel.swift */; };
		35315F8D2B6E26A90045014B /* BookData+CoreDataProperties.swift in Sources */ = {isa = PBXBuildFile; fileRef = 35315F8C2B6E26A90045014B /* BookData+CoreDataProperties.swift */; };
		35315F8F2B6E271E0045014B /* PersistenceController.swift in Sources */ = {isa = PBXBuildFile; fileRef = 35315F8E2B6E271E0045014B /* PersistenceController.swift */; };
		35315F922B6E27900045014B /* BookData+CoreDataClass.swift in Sources */ = {isa = PBXBuildFile; fileRef = 35315F902B6E27900045014B /* BookData+CoreDataClass.swift */; };
		35315F952B720D150045014B /* SearchBarView.swift in Sources */ = {isa = PBXBuildFile; fileRef = 35315F942B720D150045014B /* SearchBarView.swift */; };
		3542555B2B4BC8B100559413 /* ScanBookApp.swift in Sources */ = {isa = PBXBuildFile; fileRef = 3542555A2B4BC8B100559413 /* ScanBookApp.swift */; };
		3542555D2B4BC8B100559413 /* ContentView.swift in Sources */ = {isa = PBXBuildFile; fileRef = 3542555C2B4BC8B100559413 /* ContentView.swift */; };
		3542555F2B4BC8B200559413 /* Assets.xcassets in Resources */ = {isa = PBXBuildFile; fileRef = 3542555E2B4BC8B200559413 /* Assets.xcassets */; };
		354255622B4BC8B200559413 /* Preview Assets.xcassets in Resources */ = {isa = PBXBuildFile; fileRef = 354255612B4BC8B200559413 /* Preview Assets.xcassets */; };
		354255672B4BC8B200559413 /* ScanBook.xcdatamodeld in Sources */ = {isa = PBXBuildFile; fileRef = 354255652B4BC8B200559413 /* ScanBook.xcdatamodeld */; };
		354255722B4BC8B300559413 /* ScanBookTests.swift in Sources */ = {isa = PBXBuildFile; fileRef = 354255712B4BC8B300559413 /* ScanBookTests.swift */; };
		3542557C2B4BC8B300559413 /* ScanBookUITests.swift in Sources */ = {isa = PBXBuildFile; fileRef = 3542557B2B4BC8B300559413 /* ScanBookUITests.swift */; };
		3542557E2B4BC8B300559413 /* ScanBookUITestsLaunchTests.swift in Sources */ = {isa = PBXBuildFile; fileRef = 3542557D2B4BC8B300559413 /* ScanBookUITestsLaunchTests.swift */; };
		3542558B2B4BDA6A00559413 /* AddPage.swift in Sources */ = {isa = PBXBuildFile; fileRef = 3542558A2B4BDA6A00559413 /* AddPage.swift */; };
		3542558F2B4BDEBB00559413 /* LibraryPage.swift in Sources */ = {isa = PBXBuildFile; fileRef = 3542558E2B4BDEBB00559413 /* LibraryPage.swift */; };
		354255912B4C0BBE00559413 /* TextFieldView .swift in Sources */ = {isa = PBXBuildFile; fileRef = 354255902B4C0BBE00559413 /* TextFieldView .swift */; };
		35545F1F2B79198300B21AB4 /* ScannerView.swift in Sources */ = {isa = PBXBuildFile; fileRef = 35545F1E2B79198300B21AB4 /* ScannerView.swift */; };
		35545F212B7E449D00B21AB4 /* view.swift in Sources */ = {isa = PBXBuildFile; fileRef = 35545F202B7E449D00B21AB4 /* view.swift */; };
		35545F232B7E44C000B21AB4 /* CustomBackButtonView.swift in Sources */ = {isa = PBXBuildFile; fileRef = 35545F222B7E44C000B21AB4 /* CustomBackButtonView.swift */; };
		35545F252B7FBA9700B21AB4 /* ImageMagnificationView.swift in Sources */ = {isa = PBXBuildFile; fileRef = 35545F242B7FBA9700B21AB4 /* ImageMagnificationView.swift */; };
		35545F282B80B09E00B21AB4 /* BookSlider.swift in Sources */ = {isa = PBXBuildFile; fileRef = 35545F272B80B09E00B21AB4 /* BookSlider.swift */; };
		35545F2A2B821C2A00B21AB4 /* PageViewController.swift in Sources */ = {isa = PBXBuildFile; fileRef = 35545F292B821C2A00B21AB4 /* PageViewController.swift */; };
		35545F2D2B82201700B21AB4 /* WithPrevious in Frameworks */ = {isa = PBXBuildFile; productRef = 35545F2C2B82201700B21AB4 /* WithPrevious */; };
		35545F2F2B8497F800B21AB4 /* Bounds.swift in Sources */ = {isa = PBXBuildFile; fileRef = 35545F2E2B8497F800B21AB4 /* Bounds.swift */; };
		35545F322B849FFE00B21AB4 /* UtilDate.swift in Sources */ = {isa = PBXBuildFile; fileRef = 35545F312B849FFE00B21AB4 /* UtilDate.swift */; };
		35545F342B88F9AD00B21AB4 /* Convert.swift in Sources */ = {isa = PBXBuildFile; fileRef = 35545F332B88F9AC00B21AB4 /* Convert.swift */; };
		35586F312C143D76006852F4 /* PassCodeSettingScreen2View.swift in Sources */ = {isa = PBXBuildFile; fileRef = 35586F302C143D76006852F4 /* PassCodeSettingScreen2View.swift */; };
		35586F332C17356B006852F4 /* SettingModel.swift in Sources */ = {isa = PBXBuildFile; fileRef = 35586F322C17356B006852F4 /* SettingModel.swift */; };
		35586F352C1A80D4006852F4 /* SettingRootView.swift in Sources */ = {isa = PBXBuildFile; fileRef = 35586F342C1A80D4006852F4 /* SettingRootView.swift */; };
		356866142C22B135007879EB /* CheckIcloudServise.swift in Sources */ = {isa = PBXBuildFile; fileRef = 356866132C22B135007879EB /* CheckIcloudServise.swift */; };
		356866162C23BDDF007879EB /* ICloudSettingPage.swift in Sources */ = {isa = PBXBuildFile; fileRef = 356866152C23BDDF007879EB /* ICloudSettingPage.swift */; };
		356866182C23BF98007879EB /* ICloudSettingModel.swift in Sources */ = {isa = PBXBuildFile; fileRef = 356866172C23BF98007879EB /* ICloudSettingModel.swift */; };
		356866202C2D1C0D007879EB /* BannerView.swift in Sources */ = {isa = PBXBuildFile; fileRef = 3568661F2C2D1C0C007879EB /* BannerView.swift */; };
		356866222C2D1ED0007879EB /* BannerViewController.swift in Sources */ = {isa = PBXBuildFile; fileRef = 356866212C2D1ED0007879EB /* BannerViewController.swift */; };
		35882AD52B9A1F1500079C48 /* UIImageViewerView.swift in Sources */ = {isa = PBXBuildFile; fileRef = 35882AD42B9A1F1500079C48 /* UIImageViewerView.swift */; };
		35882AD82B9A1FA000079C48 /* CombineCocoa in Frameworks */ = {isa = PBXBuildFile; productRef = 35882AD72B9A1FA000079C48 /* CombineCocoa */; };
		35882ADA2B9A21AC00079C48 /* imageViewer.swift in Sources */ = {isa = PBXBuildFile; fileRef = 35882AD92B9A21AC00079C48 /* imageViewer.swift */; };
		35882ADC2B9C976300079C48 /* PreviewModel.swift in Sources */ = {isa = PBXBuildFile; fileRef = 35882ADB2B9C976300079C48 /* PreviewModel.swift */; };
		359B0DFC2BB5159B00F2A7E4 /* HomePage.swift in Sources */ = {isa = PBXBuildFile; fileRef = 359B0DFB2BB5159B00F2A7E4 /* HomePage.swift */; };
		359CD2DD2BA57AA700BC7005 /* CustomAlertView.swift in Sources */ = {isa = PBXBuildFile; fileRef = 359CD2DC2BA57AA700BC7005 /* CustomAlertView.swift */; };
		35A17E342CC2459C0075A2AB /* SinUpPage.swift in Sources */ = {isa = PBXBuildFile; fileRef = 35A17E332CC2459C0075A2AB /* SinUpPage.swift */; };
		35A17E372CC248E40075A2AB /* FirebaseErrorHandler.swift in Sources */ = {isa = PBXBuildFile; fileRef = 35A17E362CC248E40075A2AB /* FirebaseErrorHandler.swift */; };
		35A17E392CC24A330075A2AB /* FirebaseServise.swift in Sources */ = {isa = PBXBuildFile; fileRef = 35A17E382CC24A330075A2AB /* FirebaseServise.swift */; };
		35A17E3B2CC251980075A2AB /* FirestoreBookData.swift in Sources */ = {isa = PBXBuildFile; fileRef = 35A17E3A2CC251980075A2AB /* FirestoreBookData.swift */; };
		35A17E3E2CC2AD920075A2AB /* SinUpViewModel.swift in Sources */ = {isa = PBXBuildFile; fileRef = 35A17E3D2CC2AD920075A2AB /* SinUpViewModel.swift */; };
		35A17E402CC2CEEF0075A2AB /* FormButtonView.swift in Sources */ = {isa = PBXBuildFile; fileRef = 35A17E3F2CC2CEEF0075A2AB /* FormButtonView.swift */; };
		35A17E792CC392E70075A2AB /* AccountPage.swift in Sources */ = {isa = PBXBuildFile; fileRef = 35A17E782CC392E70075A2AB /* AccountPage.swift */; };
		35A17E7B2CC3CB260075A2AB /* AccountViewModel.swift in Sources */ = {isa = PBXBuildFile; fileRef = 35A17E7A2CC3CB250075A2AB /* AccountViewModel.swift */; };
		35A17E7D2CC3DC360075A2AB /* LoginPage.swift in Sources */ = {isa = PBXBuildFile; fileRef = 35A17E7C2CC3DC360075A2AB /* LoginPage.swift */; };
		35A17E7F2CC3E2C80075A2AB /* LoginViewModel.swift in Sources */ = {isa = PBXBuildFile; fileRef = 35A17E7E2CC3E2C80075A2AB /* LoginViewModel.swift */; };
		35A4ABBA2CE5B6CF00F42A5E /* GoogleServiceTest-Info.plist in Resources */ = {isa = PBXBuildFile; fileRef = 35A4ABB92CE5B6CF00F42A5E /* GoogleServiceTest-Info.plist */; };
		35C1B2FB2BFE58B9008D7CB1 /* PassCodeSettingPage.swift in Sources */ = {isa = PBXBuildFile; fileRef = 35C1B2FA2BFE58B9008D7CB1 /* PassCodeSettingPage.swift */; };
		35C1B2FD2C08008E008D7CB1 /* PasscodeSettingModel.swift in Sources */ = {isa = PBXBuildFile; fileRef = 35C1B2FC2C08008E008D7CB1 /* PasscodeSettingModel.swift */; };
		35C1B2FF2C083ED8008D7CB1 /* LocalAuthView.swift in Sources */ = {isa = PBXBuildFile; fileRef = 35C1B2FE2C083ED8008D7CB1 /* LocalAuthView.swift */; };
		35C1B3012C0B5803008D7CB1 /* LocalAuthServise.swift in Sources */ = {isa = PBXBuildFile; fileRef = 35C1B3002C0B5802008D7CB1 /* LocalAuthServise.swift */; };
		35C1B3042C0EED4F008D7CB1 /* PassCodeSettingScreenView.swift in Sources */ = {isa = PBXBuildFile; fileRef = 35C1B3032C0EED4F008D7CB1 /* PassCodeSettingScreenView.swift */; };
		35C1B3062C10253F008D7CB1 /* PassCheck.swift in Sources */ = {isa = PBXBuildFile; fileRef = 35C1B3052C10253F008D7CB1 /* PassCheck.swift */; };
		35C1B3082C1177CE008D7CB1 /* PassCodeLockScreenView.swift in Sources */ = {isa = PBXBuildFile; fileRef = 35C1B3072C1177CE008D7CB1 /* PassCodeLockScreenView.swift */; };
		35D15AAE2CBE3C80000AC4E1 /* GoogleService-Info.plist in Resources */ = {isa = PBXBuildFile; fileRef = 35D15AAD2CBE3C80000AC4E1 /* GoogleService-Info.plist */; };
		35D15AB12CBE7AEE000AC4E1 /* FirebaseAuth in Frameworks */ = {isa = PBXBuildFile; productRef = 35D15AB02CBE7AEE000AC4E1 /* FirebaseAuth */; };
		35D15AB32CBE7AEE000AC4E1 /* FirebaseCore in Frameworks */ = {isa = PBXBuildFile; productRef = 35D15AB22CBE7AEE000AC4E1 /* FirebaseCore */; };
		35D15AB52CBE7AEE000AC4E1 /* FirebaseFirestore in Frameworks */ = {isa = PBXBuildFile; productRef = 35D15AB42CBE7AEE000AC4E1 /* FirebaseFirestore */; };
		35D15AB72CBE7AEE000AC4E1 /* FirebaseStorage in Frameworks */ = {isa = PBXBuildFile; productRef = 35D15AB62CBE7AEE000AC4E1 /* FirebaseStorage */; };
		35D15AF02CBE8D04000AC4E1 /* FormTextFieldView.swift in Sources */ = {isa = PBXBuildFile; fileRef = 35D15AEF2CBE8D04000AC4E1 /* FormTextFieldView.swift */; };
		35D323422CD118580088D093 /* Loading2View.swift in Sources */ = {isa = PBXBuildFile; fileRef = 35D323412CD118580088D093 /* Loading2View.swift */; };
		35D46DEA2BF33BFF00A605F5 /* BookDataItem.swift in Sources */ = {isa = PBXBuildFile; fileRef = 35D46DE92BF33BFF00A605F5 /* BookDataItem.swift */; };
		35D6FF222CC4FE6C00EAA509 /* ResetPasswordPage.swift in Sources */ = {isa = PBXBuildFile; fileRef = 35D6FF212CC4FE6C00EAA509 /* ResetPasswordPage.swift */; };
		35D6FF242CC501AF00EAA509 /* ResetPasswordViewModel.swift in Sources */ = {isa = PBXBuildFile; fileRef = 35D6FF232CC501AF00EAA509 /* ResetPasswordViewModel.swift */; };
		35DF4C9B2C569CD10082FEB0 /* BinaryCodable in Frameworks */ = {isa = PBXBuildFile; productRef = 35DF4C9A2C569CD10082FEB0 /* BinaryCodable */; };
		35E13DC42BFB235E00F97C53 /* LoadingView.swift in Sources */ = {isa = PBXBuildFile; fileRef = 35E13DC32BFB235E00F97C53 /* LoadingView.swift */; };
		35F4CC252C99E01E0063D310 /* ScanBookModelVer1toVer2.xcmappingmodel in Sources */ = {isa = PBXBuildFile; fileRef = 35F4CC242C99E01E0063D310 /* ScanBookModelVer1toVer2.xcmappingmodel */; };
		6518CC3C501BE066D88472DE /* Pods_ScanBook.framework in Frameworks */ = {isa = PBXBuildFile; fileRef = EE14BED3429EA1A36EA48D8D /* Pods_ScanBook.framework */; };
		D141000B151317C5A4699F28 /* Pods_ScanBook_ScanBookUITests.framework in Frameworks */ = {isa = PBXBuildFile; fileRef = 9BDFC196451B094C85646FA6 /* Pods_ScanBook_ScanBookUITests.framework */; };
		DDAE3CF28493AC8294D1780F /* Pods_ScanBookTests.framework in Frameworks */ = {isa = PBXBuildFile; fileRef = D272A8D76F1538BBA9CCE1FA /* Pods_ScanBookTests.framework */; };
/* End PBXBuildFile section */

/* Begin PBXContainerItemProxy section */
		3542556E2B4BC8B200559413 /* PBXContainerItemProxy */ = {
			isa = PBXContainerItemProxy;
			containerPortal = 3542554F2B4BC8B100559413 /* Project object */;
			proxyType = 1;
			remoteGlobalIDString = 354255562B4BC8B100559413;
			remoteInfo = ScanBook;
		};
		354255782B4BC8B300559413 /* PBXContainerItemProxy */ = {
			isa = PBXContainerItemProxy;
			containerPortal = 3542554F2B4BC8B100559413 /* Project object */;
			proxyType = 1;
			remoteGlobalIDString = 354255562B4BC8B100559413;
			remoteInfo = ScanBook;
		};
/* End PBXContainerItemProxy section */

/* Begin PBXFileReference section */
		10E687F04E9D60679F0EEB1A /* Pods-ScanBookTests.debug.xcconfig */ = {isa = PBXFileReference; includeInIndex = 1; lastKnownFileType = text.xcconfig; name = "Pods-ScanBookTests.debug.xcconfig"; path = "Target Support Files/Pods-ScanBookTests/Pods-ScanBookTests.debug.xcconfig"; sourceTree = "<group>"; };
		239C806C3CEC72DA74703264 /* Pods-ScanBook-ScanBookUITests.debug.xcconfig */ = {isa = PBXFileReference; includeInIndex = 1; lastKnownFileType = text.xcconfig; name = "Pods-ScanBook-ScanBookUITests.debug.xcconfig"; path = "Target Support Files/Pods-ScanBook-ScanBookUITests/Pods-ScanBook-ScanBookUITests.debug.xcconfig"; sourceTree = "<group>"; };
		260587FE06031AA60CBFED81 /* Pods-ScanBookTests.release.xcconfig */ = {isa = PBXFileReference; includeInIndex = 1; lastKnownFileType = text.xcconfig; name = "Pods-ScanBookTests.release.xcconfig"; path = "Target Support Files/Pods-ScanBookTests/Pods-ScanBookTests.release.xcconfig"; sourceTree = "<group>"; };
		350ED2652BBAA1970051A11E /* HomeModel.swift */ = {isa = PBXFileReference; lastKnownFileType = sourcecode.swift; path = HomeModel.swift; sourceTree = "<group>"; };
		35315F782B5556F90045014B /* AddModel.swift */ = {isa = PBXFileReference; lastKnownFileType = sourcecode.swift; path = AddModel.swift; sourceTree = "<group>"; };
		35315F7D2B6142A20045014B /* DropDownView.swift */ = {isa = PBXFileReference; lastKnownFileType = sourcecode.swift; path = DropDownView.swift; sourceTree = "<group>"; };
		35315F7F2B6974810045014B /* SettingPage.swift */ = {isa = PBXFileReference; lastKnownFileType = sourcecode.swift; path = SettingPage.swift; sourceTree = "<group>"; };
		35315F812B6DE1350045014B /* PreviewPage.swift */ = {isa = PBXFileReference; lastKnownFileType = sourcecode.swift; path = PreviewPage.swift; sourceTree = "<group>"; };
		35315F832B6DE1B80045014B /* LibraryModel.swift */ = {isa = PBXFileReference; lastKnownFileType = sourcecode.swift; path = LibraryModel.swift; sourceTree = "<group>"; };
		35315F8C2B6E26A90045014B /* BookData+CoreDataProperties.swift */ = {isa = PBXFileReference; lastKnownFileType = sourcecode.swift; path = "BookData+CoreDataProperties.swift"; sourceTree = "<group>"; };
		35315F8E2B6E271E0045014B /* PersistenceController.swift */ = {isa = PBXFileReference; lastKnownFileType = sourcecode.swift; path = PersistenceController.swift; sourceTree = "<group>"; };
		35315F902B6E27900045014B /* BookData+CoreDataClass.swift */ = {isa = PBXFileReference; lastKnownFileType = sourcecode.swift; path = "BookData+CoreDataClass.swift"; sourceTree = "<group>"; };
		35315F942B720D150045014B /* SearchBarView.swift */ = {isa = PBXFileReference; lastKnownFileType = sourcecode.swift; path = SearchBarView.swift; sourceTree = "<group>"; };
		354255572B4BC8B100559413 /* ScanBook.app */ = {isa = PBXFileReference; explicitFileType = wrapper.application; includeInIndex = 0; path = ScanBook.app; sourceTree = BUILT_PRODUCTS_DIR; };
		3542555A2B4BC8B100559413 /* ScanBookApp.swift */ = {isa = PBXFileReference; lastKnownFileType = sourcecode.swift; path = ScanBookApp.swift; sourceTree = "<group>"; };
		3542555C2B4BC8B100559413 /* ContentView.swift */ = {isa = PBXFileReference; lastKnownFileType = sourcecode.swift; path = ContentView.swift; sourceTree = "<group>"; };
		3542555E2B4BC8B200559413 /* Assets.xcassets */ = {isa = PBXFileReference; lastKnownFileType = folder.assetcatalog; path = Assets.xcassets; sourceTree = "<group>"; };
		354255612B4BC8B200559413 /* Preview Assets.xcassets */ = {isa = PBXFileReference; lastKnownFileType = folder.assetcatalog; path = "Preview Assets.xcassets"; sourceTree = "<group>"; };
		354255662B4BC8B200559413 /* ScanBook.xcdatamodel */ = {isa = PBXFileReference; lastKnownFileType = wrapper.xcdatamodel; path = ScanBook.xcdatamodel; sourceTree = "<group>"; };
		354255682B4BC8B200559413 /* Info.plist */ = {isa = PBXFileReference; lastKnownFileType = text.plist.xml; path = Info.plist; sourceTree = "<group>"; };
		3542556D2B4BC8B200559413 /* ScanBookTests.xctest */ = {isa = PBXFileReference; explicitFileType = wrapper.cfbundle; includeInIndex = 0; path = ScanBookTests.xctest; sourceTree = BUILT_PRODUCTS_DIR; };
		354255712B4BC8B300559413 /* ScanBookTests.swift */ = {isa = PBXFileReference; lastKnownFileType = sourcecode.swift; path = ScanBookTests.swift; sourceTree = "<group>"; };
		354255772B4BC8B300559413 /* ScanBookUITests.xctest */ = {isa = PBXFileReference; explicitFileType = wrapper.cfbundle; includeInIndex = 0; path = ScanBookUITests.xctest; sourceTree = BUILT_PRODUCTS_DIR; };
		3542557B2B4BC8B300559413 /* ScanBookUITests.swift */ = {isa = PBXFileReference; lastKnownFileType = sourcecode.swift; path = ScanBookUITests.swift; sourceTree = "<group>"; };
		3542557D2B4BC8B300559413 /* ScanBookUITestsLaunchTests.swift */ = {isa = PBXFileReference; lastKnownFileType = sourcecode.swift; path = ScanBookUITestsLaunchTests.swift; sourceTree = "<group>"; };
		3542558A2B4BDA6A00559413 /* AddPage.swift */ = {isa = PBXFileReference; lastKnownFileType = sourcecode.swift; path = AddPage.swift; sourceTree = "<group>"; };
		3542558E2B4BDEBB00559413 /* LibraryPage.swift */ = {isa = PBXFileReference; lastKnownFileType = sourcecode.swift; path = LibraryPage.swift; sourceTree = "<group>"; };
		354255902B4C0BBE00559413 /* TextFieldView .swift */ = {isa = PBXFileReference; lastKnownFileType = sourcecode.swift; path = "TextFieldView .swift"; sourceTree = "<group>"; };
		354A8D032C1DA125006422A9 /* ScanBookRelease.entitlements */ = {isa = PBXFileReference; lastKnownFileType = text.plist.entitlements; path = ScanBookRelease.entitlements; sourceTree = "<group>"; };
		354A8D042C1EE89A006422A9 /* ScanBook.entitlements */ = {isa = PBXFileReference; lastKnownFileType = text.plist.entitlements; path = ScanBook.entitlements; sourceTree = "<group>"; };
		35545F1E2B79198300B21AB4 /* ScannerView.swift */ = {isa = PBXFileReference; lastKnownFileType = sourcecode.swift; path = ScannerView.swift; sourceTree = "<group>"; };
		35545F202B7E449D00B21AB4 /* view.swift */ = {isa = PBXFileReference; lastKnownFileType = sourcecode.swift; path = view.swift; sourceTree = "<group>"; };
		35545F222B7E44C000B21AB4 /* CustomBackButtonView.swift */ = {isa = PBXFileReference; lastKnownFileType = sourcecode.swift; path = CustomBackButtonView.swift; sourceTree = "<group>"; };
		35545F242B7FBA9700B21AB4 /* ImageMagnificationView.swift */ = {isa = PBXFileReference; lastKnownFileType = sourcecode.swift; path = ImageMagnificationView.swift; sourceTree = "<group>"; };
		35545F272B80B09E00B21AB4 /* BookSlider.swift */ = {isa = PBXFileReference; lastKnownFileType = sourcecode.swift; path = BookSlider.swift; sourceTree = "<group>"; };
		35545F292B821C2A00B21AB4 /* PageViewController.swift */ = {isa = PBXFileReference; lastKnownFileType = sourcecode.swift; path = PageViewController.swift; sourceTree = "<group>"; };
		35545F2E2B8497F800B21AB4 /* Bounds.swift */ = {isa = PBXFileReference; lastKnownFileType = sourcecode.swift; path = Bounds.swift; sourceTree = "<group>"; };
		35545F312B849FFE00B21AB4 /* UtilDate.swift */ = {isa = PBXFileReference; lastKnownFileType = sourcecode.swift; path = UtilDate.swift; sourceTree = "<group>"; };
		35545F332B88F9AC00B21AB4 /* Convert.swift */ = {isa = PBXFileReference; lastKnownFileType = sourcecode.swift; path = Convert.swift; sourceTree = "<group>"; };
		35586F302C143D76006852F4 /* PassCodeSettingScreen2View.swift */ = {isa = PBXFileReference; lastKnownFileType = sourcecode.swift; path = PassCodeSettingScreen2View.swift; sourceTree = "<group>"; };
		35586F322C17356B006852F4 /* SettingModel.swift */ = {isa = PBXFileReference; lastKnownFileType = sourcecode.swift; path = SettingModel.swift; sourceTree = "<group>"; };
		35586F342C1A80D4006852F4 /* SettingRootView.swift */ = {isa = PBXFileReference; lastKnownFileType = sourcecode.swift; path = SettingRootView.swift; sourceTree = "<group>"; };
		356866132C22B135007879EB /* CheckIcloudServise.swift */ = {isa = PBXFileReference; lastKnownFileType = sourcecode.swift; path = CheckIcloudServise.swift; sourceTree = "<group>"; };
		356866152C23BDDF007879EB /* ICloudSettingPage.swift */ = {isa = PBXFileReference; lastKnownFileType = sourcecode.swift; path = ICloudSettingPage.swift; sourceTree = "<group>"; };
		356866172C23BF98007879EB /* ICloudSettingModel.swift */ = {isa = PBXFileReference; lastKnownFileType = sourcecode.swift; path = ICloudSettingModel.swift; sourceTree = "<group>"; };
		3568661F2C2D1C0C007879EB /* BannerView.swift */ = {isa = PBXFileReference; lastKnownFileType = sourcecode.swift; path = BannerView.swift; sourceTree = "<group>"; };
		356866212C2D1ED0007879EB /* BannerViewController.swift */ = {isa = PBXFileReference; lastKnownFileType = sourcecode.swift; path = BannerViewController.swift; sourceTree = "<group>"; };
		35882AD42B9A1F1500079C48 /* UIImageViewerView.swift */ = {isa = PBXFileReference; lastKnownFileType = sourcecode.swift; path = UIImageViewerView.swift; sourceTree = "<group>"; };
		35882AD92B9A21AC00079C48 /* imageViewer.swift */ = {isa = PBXFileReference; lastKnownFileType = sourcecode.swift; path = imageViewer.swift; sourceTree = "<group>"; };
		35882ADB2B9C976300079C48 /* PreviewModel.swift */ = {isa = PBXFileReference; lastKnownFileType = sourcecode.swift; path = PreviewModel.swift; sourceTree = "<group>"; };
		359B0DFB2BB5159B00F2A7E4 /* HomePage.swift */ = {isa = PBXFileReference; lastKnownFileType = sourcecode.swift; path = HomePage.swift; sourceTree = "<group>"; };
		359CD2DC2BA57AA700BC7005 /* CustomAlertView.swift */ = {isa = PBXFileReference; lastKnownFileType = sourcecode.swift; path = CustomAlertView.swift; sourceTree = "<group>"; };
		35A17E332CC2459C0075A2AB /* SinUpPage.swift */ = {isa = PBXFileReference; lastKnownFileType = sourcecode.swift; path = SinUpPage.swift; sourceTree = "<group>"; };
		35A17E362CC248E40075A2AB /* FirebaseErrorHandler.swift */ = {isa = PBXFileReference; lastKnownFileType = sourcecode.swift; path = FirebaseErrorHandler.swift; sourceTree = "<group>"; };
		35A17E382CC24A330075A2AB /* FirebaseServise.swift */ = {isa = PBXFileReference; lastKnownFileType = sourcecode.swift; path = FirebaseServise.swift; sourceTree = "<group>"; };
		35A17E3A2CC251980075A2AB /* FirestoreBookData.swift */ = {isa = PBXFileReference; lastKnownFileType = sourcecode.swift; path = FirestoreBookData.swift; sourceTree = "<group>"; };
		35A17E3D2CC2AD920075A2AB /* SinUpViewModel.swift */ = {isa = PBXFileReference; lastKnownFileType = sourcecode.swift; path = SinUpViewModel.swift; sourceTree = "<group>"; };
		35A17E3F2CC2CEEF0075A2AB /* FormButtonView.swift */ = {isa = PBXFileReference; lastKnownFileType = sourcecode.swift; path = FormButtonView.swift; sourceTree = "<group>"; };
		35A17E782CC392E70075A2AB /* AccountPage.swift */ = {isa = PBXFileReference; lastKnownFileType = sourcecode.swift; path = AccountPage.swift; sourceTree = "<group>"; };
		35A17E7A2CC3CB250075A2AB /* AccountViewModel.swift */ = {isa = PBXFileReference; lastKnownFileType = sourcecode.swift; path = AccountViewModel.swift; sourceTree = "<group>"; };
		35A17E7C2CC3DC360075A2AB /* LoginPage.swift */ = {isa = PBXFileReference; lastKnownFileType = sourcecode.swift; path = LoginPage.swift; sourceTree = "<group>"; };
		35A17E7E2CC3E2C80075A2AB /* LoginViewModel.swift */ = {isa = PBXFileReference; lastKnownFileType = sourcecode.swift; path = LoginViewModel.swift; sourceTree = "<group>"; };
		35A4ABB92CE5B6CF00F42A5E /* GoogleServiceTest-Info.plist */ = {isa = PBXFileReference; lastKnownFileType = text.plist.xml; path = "GoogleServiceTest-Info.plist"; sourceTree = "<group>"; };
		35C1B2FA2BFE58B9008D7CB1 /* PassCodeSettingPage.swift */ = {isa = PBXFileReference; lastKnownFileType = sourcecode.swift; path = PassCodeSettingPage.swift; sourceTree = "<group>"; };
		35C1B2FC2C08008E008D7CB1 /* PasscodeSettingModel.swift */ = {isa = PBXFileReference; lastKnownFileType = sourcecode.swift; path = PasscodeSettingModel.swift; sourceTree = "<group>"; };
		35C1B2FE2C083ED8008D7CB1 /* LocalAuthView.swift */ = {isa = PBXFileReference; lastKnownFileType = sourcecode.swift; path = LocalAuthView.swift; sourceTree = "<group>"; };
		35C1B3002C0B5802008D7CB1 /* LocalAuthServise.swift */ = {isa = PBXFileReference; lastKnownFileType = sourcecode.swift; name = LocalAuthServise.swift; path = ScanBook/View/LocalAuthServise.swift; sourceTree = SOURCE_ROOT; };
		35C1B3032C0EED4F008D7CB1 /* PassCodeSettingScreenView.swift */ = {isa = PBXFileReference; lastKnownFileType = sourcecode.swift; path = PassCodeSettingScreenView.swift; sourceTree = "<group>"; };
		35C1B3052C10253F008D7CB1 /* PassCheck.swift */ = {isa = PBXFileReference; lastKnownFileType = sourcecode.swift; path = PassCheck.swift; sourceTree = "<group>"; };
		35C1B3072C1177CE008D7CB1 /* PassCodeLockScreenView.swift */ = {isa = PBXFileReference; lastKnownFileType = sourcecode.swift; path = PassCodeLockScreenView.swift; sourceTree = "<group>"; };
		35D15AAD2CBE3C80000AC4E1 /* GoogleService-Info.plist */ = {isa = PBXFileReference; lastKnownFileType = text.plist.xml; path = "GoogleService-Info.plist"; sourceTree = "<group>"; };
		35D15AEF2CBE8D04000AC4E1 /* FormTextFieldView.swift */ = {isa = PBXFileReference; lastKnownFileType = sourcecode.swift; path = FormTextFieldView.swift; sourceTree = "<group>"; };
		35D323412CD118580088D093 /* Loading2View.swift */ = {isa = PBXFileReference; lastKnownFileType = sourcecode.swift; path = Loading2View.swift; sourceTree = "<group>"; };
		35D46DE92BF33BFF00A605F5 /* BookDataItem.swift */ = {isa = PBXFileReference; lastKnownFileType = sourcecode.swift; path = BookDataItem.swift; sourceTree = "<group>"; };
		35D6FF212CC4FE6C00EAA509 /* ResetPasswordPage.swift */ = {isa = PBXFileReference; lastKnownFileType = sourcecode.swift; path = ResetPasswordPage.swift; sourceTree = "<group>"; };
		35D6FF232CC501AF00EAA509 /* ResetPasswordViewModel.swift */ = {isa = PBXFileReference; lastKnownFileType = sourcecode.swift; path = ResetPasswordViewModel.swift; sourceTree = "<group>"; };
		35E13DC32BFB235E00F97C53 /* LoadingView.swift */ = {isa = PBXFileReference; lastKnownFileType = sourcecode.swift; path = LoadingView.swift; sourceTree = "<group>"; };
		35F4CC232C99DEC40063D310 /* ScanBook 2.xcdatamodel */ = {isa = PBXFileReference; lastKnownFileType = wrapper.xcdatamodel; path = "ScanBook 2.xcdatamodel"; sourceTree = "<group>"; };
		35F4CC242C99E01E0063D310 /* ScanBookModelVer1toVer2.xcmappingmodel */ = {isa = PBXFileReference; lastKnownFileType = wrapper.xcmappingmodel; path = ScanBookModelVer1toVer2.xcmappingmodel; sourceTree = "<group>"; };
		4B4B102ABE614F4412FE6A4C /* Pods-ScanBook-ScanBookUITests.release.xcconfig */ = {isa = PBXFileReference; includeInIndex = 1; lastKnownFileType = text.xcconfig; name = "Pods-ScanBook-ScanBookUITests.release.xcconfig"; path = "Target Support Files/Pods-ScanBook-ScanBookUITests/Pods-ScanBook-ScanBookUITests.release.xcconfig"; sourceTree = "<group>"; };
		9BDFC196451B094C85646FA6 /* Pods_ScanBook_ScanBookUITests.framework */ = {isa = PBXFileReference; explicitFileType = wrapper.framework; includeInIndex = 0; path = Pods_ScanBook_ScanBookUITests.framework; sourceTree = BUILT_PRODUCTS_DIR; };
		B0C77C806E3AA40F70950AC1 /* Pods-ScanBook.release.xcconfig */ = {isa = PBXFileReference; includeInIndex = 1; lastKnownFileType = text.xcconfig; name = "Pods-ScanBook.release.xcconfig"; path = "Target Support Files/Pods-ScanBook/Pods-ScanBook.release.xcconfig"; sourceTree = "<group>"; };
		C47E06B4EA71B710ACB22B90 /* Pods-ScanBook.debug.xcconfig */ = {isa = PBXFileReference; includeInIndex = 1; lastKnownFileType = text.xcconfig; name = "Pods-ScanBook.debug.xcconfig"; path = "Target Support Files/Pods-ScanBook/Pods-ScanBook.debug.xcconfig"; sourceTree = "<group>"; };
		D272A8D76F1538BBA9CCE1FA /* Pods_ScanBookTests.framework */ = {isa = PBXFileReference; explicitFileType = wrapper.framework; includeInIndex = 0; path = Pods_ScanBookTests.framework; sourceTree = BUILT_PRODUCTS_DIR; };
		EE14BED3429EA1A36EA48D8D /* Pods_ScanBook.framework */ = {isa = PBXFileReference; explicitFileType = wrapper.framework; includeInIndex = 0; path = Pods_ScanBook.framework; sourceTree = BUILT_PRODUCTS_DIR; };
/* End PBXFileReference section */

/* Begin PBXFrameworksBuildPhase section */
		354255542B4BC8B100559413 /* Frameworks */ = {
			isa = PBXFrameworksBuildPhase;
			buildActionMask = 2147483647;
			files = (
				35DF4C9B2C569CD10082FEB0 /* BinaryCodable in Frameworks */,
				350ED2692BBBDF1A0051A11E /* AlertMessage in Frameworks */,
				35882AD82B9A1FA000079C48 /* CombineCocoa in Frameworks */,
				35D15AB72CBE7AEE000AC4E1 /* FirebaseStorage in Frameworks */,
				35545F2D2B82201700B21AB4 /* WithPrevious in Frameworks */,
				352A7F192BE631A4005E06BD /* SwiftUIRippleEffect in Frameworks */,
				35D15AB52CBE7AEE000AC4E1 /* FirebaseFirestore in Frameworks */,
				35D15AB12CBE7AEE000AC4E1 /* FirebaseAuth in Frameworks */,
				35D15AB32CBE7AEE000AC4E1 /* FirebaseCore in Frameworks */,
				6518CC3C501BE066D88472DE /* Pods_ScanBook.framework in Frameworks */,
			);
			runOnlyForDeploymentPostprocessing = 0;
		};
		3542556A2B4BC8B200559413 /* Frameworks */ = {
			isa = PBXFrameworksBuildPhase;
			buildActionMask = 2147483647;
			files = (
				DDAE3CF28493AC8294D1780F /* Pods_ScanBookTests.framework in Frameworks */,
			);
			runOnlyForDeploymentPostprocessing = 0;
		};
		354255742B4BC8B300559413 /* Frameworks */ = {
			isa = PBXFrameworksBuildPhase;
			buildActionMask = 2147483647;
			files = (
				D141000B151317C5A4699F28 /* Pods_ScanBook_ScanBookUITests.framework in Frameworks */,
			);
			runOnlyForDeploymentPostprocessing = 0;
		};
/* End PBXFrameworksBuildPhase section */

/* Begin PBXGroup section */
		351DA06D2BE7CBA400C1DCC0 /* Controller */ = {
			isa = PBXGroup;
			children = (
				35315F8E2B6E271E0045014B /* PersistenceController.swift */,
				356866212C2D1ED0007879EB /* BannerViewController.swift */,
			);
			path = Controller;
			sourceTree = "<group>";
		};
		35315F772B5553060045014B /* ViewModel */ = {
			isa = PBXGroup;
			children = (
				35315F782B5556F90045014B /* AddModel.swift */,
				35315F832B6DE1B80045014B /* LibraryModel.swift */,
				35882ADB2B9C976300079C48 /* PreviewModel.swift */,
				350ED2652BBAA1970051A11E /* HomeModel.swift */,
				35C1B2FC2C08008E008D7CB1 /* PasscodeSettingModel.swift */,
				35586F322C17356B006852F4 /* SettingModel.swift */,
				356866172C23BF98007879EB /* ICloudSettingModel.swift */,
				35A17E7A2CC3CB250075A2AB /* AccountViewModel.swift */,
				35A17E3D2CC2AD920075A2AB /* SinUpViewModel.swift */,
				35A17E7E2CC3E2C80075A2AB /* LoginViewModel.swift */,
				35D6FF232CC501AF00EAA509 /* ResetPasswordViewModel.swift */,
			);
			path = ViewModel;
			sourceTree = "<group>";
		};
		35315F7C2B5D18240045014B /* Servise */ = {
			isa = PBXGroup;
			children = (
				35C1B3002C0B5802008D7CB1 /* LocalAuthServise.swift */,
				356866132C22B135007879EB /* CheckIcloudServise.swift */,
				35A17E382CC24A330075A2AB /* FirebaseServise.swift */,
			);
			path = Servise;
			sourceTree = "<group>";
		};
		35315F892B6E23BC0045014B /* model */ = {
			isa = PBXGroup;
			children = (
				354255652B4BC8B200559413 /* ScanBook.xcdatamodeld */,
				35315F902B6E27900045014B /* BookData+CoreDataClass.swift */,
				35315F8C2B6E26A90045014B /* BookData+CoreDataProperties.swift */,
				35D46DE92BF33BFF00A605F5 /* BookDataItem.swift */,
				35C1B3052C10253F008D7CB1 /* PassCheck.swift */,
				35A17E3A2CC251980075A2AB /* FirestoreBookData.swift */,
			);
			path = model;
			sourceTree = "<group>";
		};
		3542554E2B4BC8B100559413 = {
			isa = PBXGroup;
			children = (
				354255592B4BC8B100559413 /* ScanBook */,
				354255702B4BC8B300559413 /* ScanBookTests */,
				3542557A2B4BC8B300559413 /* ScanBookUITests */,
				354255582B4BC8B100559413 /* Products */,
				C3D46CB48E7005820FE6C3B2 /* Pods */,
				BE402F4B7632645546A2C8AC /* Frameworks */,
			);
			sourceTree = "<group>";
		};
		354255582B4BC8B100559413 /* Products */ = {
			isa = PBXGroup;
			children = (
				354255572B4BC8B100559413 /* ScanBook.app */,
				3542556D2B4BC8B200559413 /* ScanBookTests.xctest */,
				354255772B4BC8B300559413 /* ScanBookUITests.xctest */,
			);
			name = Products;
			sourceTree = "<group>";
		};
		354255592B4BC8B100559413 /* ScanBook */ = {
			isa = PBXGroup;
			children = (
				35A17E352CC2489D0075A2AB /* Handler */,
				35F4CC242C99E01E0063D310 /* ScanBookModelVer1toVer2.xcmappingmodel */,
				354A8D042C1EE89A006422A9 /* ScanBook.entitlements */,
				354A8D032C1DA125006422A9 /* ScanBookRelease.entitlements */,
				351DA06D2BE7CBA400C1DCC0 /* Controller */,
				35545F2E2B8497F800B21AB4 /* Bounds.swift */,
				35545F262B80A49200B21AB4 /* Utils */,
				35315F892B6E23BC0045014B /* model */,
				35315F7C2B5D18240045014B /* Servise */,
				35315F772B5553060045014B /* ViewModel */,
				3542558C2B4BDA7400559413 /* View */,
				3542555A2B4BC8B100559413 /* ScanBookApp.swift */,
				3542555C2B4BC8B100559413 /* ContentView.swift */,
				3542555E2B4BC8B200559413 /* Assets.xcassets */,
				354255682B4BC8B200559413 /* Info.plist */,
				354255602B4BC8B200559413 /* Preview Content */,
				35D15AAD2CBE3C80000AC4E1 /* GoogleService-Info.plist */,
				35A4ABB92CE5B6CF00F42A5E /* GoogleServiceTest-Info.plist */,
			);
			path = ScanBook;
			sourceTree = "<group>";
		};
		354255602B4BC8B200559413 /* Preview Content */ = {
			isa = PBXGroup;
			children = (
				354255612B4BC8B200559413 /* Preview Assets.xcassets */,
			);
			path = "Preview Content";
			sourceTree = "<group>";
		};
		354255702B4BC8B300559413 /* ScanBookTests */ = {
			isa = PBXGroup;
			children = (
				354255712B4BC8B300559413 /* ScanBookTests.swift */,
			);
			path = ScanBookTests;
			sourceTree = "<group>";
		};
		3542557A2B4BC8B300559413 /* ScanBookUITests */ = {
			isa = PBXGroup;
			children = (
				3542557B2B4BC8B300559413 /* ScanBookUITests.swift */,
				3542557D2B4BC8B300559413 /* ScanBookUITestsLaunchTests.swift */,
			);
			path = ScanBookUITests;
			sourceTree = "<group>";
		};
		3542558C2B4BDA7400559413 /* View */ = {
			isa = PBXGroup;
			children = (
				35A17E3C2CC2A9BE0075A2AB /* Form */,
				35C1B3022C0EED2C008D7CB1 /* Screen */,
				3542558D2B4BDA8700559413 /* Page */,
				354255902B4C0BBE00559413 /* TextFieldView .swift */,
				35315F7D2B6142A20045014B /* DropDownView.swift */,
				35315F942B720D150045014B /* SearchBarView.swift */,
				35545F202B7E449D00B21AB4 /* view.swift */,
				35545F222B7E44C000B21AB4 /* CustomBackButtonView.swift */,
				35545F242B7FBA9700B21AB4 /* ImageMagnificationView.swift */,
				35545F272B80B09E00B21AB4 /* BookSlider.swift */,
				35545F292B821C2A00B21AB4 /* PageViewController.swift */,
				35882AD42B9A1F1500079C48 /* UIImageViewerView.swift */,
				35882AD92B9A21AC00079C48 /* imageViewer.swift */,
				359CD2DC2BA57AA700BC7005 /* CustomAlertView.swift */,
				35E13DC32BFB235E00F97C53 /* LoadingView.swift */,
				35545F1E2B79198300B21AB4 /* ScannerView.swift */,
				35C1B2FE2C083ED8008D7CB1 /* LocalAuthView.swift */,
				35586F342C1A80D4006852F4 /* SettingRootView.swift */,
				3568661F2C2D1C0C007879EB /* BannerView.swift */,
				35D323412CD118580088D093 /* Loading2View.swift */,
			);
			path = View;
			sourceTree = "<group>";
		};
		3542558D2B4BDA8700559413 /* Page */ = {
			isa = PBXGroup;
			children = (
				3542558A2B4BDA6A00559413 /* AddPage.swift */,
				3542558E2B4BDEBB00559413 /* LibraryPage.swift */,
				35315F7F2B6974810045014B /* SettingPage.swift */,
				35315F812B6DE1350045014B /* PreviewPage.swift */,
				359B0DFB2BB5159B00F2A7E4 /* HomePage.swift */,
				35C1B2FA2BFE58B9008D7CB1 /* PassCodeSettingPage.swift */,
				356866152C23BDDF007879EB /* ICloudSettingPage.swift */,
				35A17E332CC2459C0075A2AB /* SinUpPage.swift */,
				35A17E782CC392E70075A2AB /* AccountPage.swift */,
				35A17E7C2CC3DC360075A2AB /* LoginPage.swift */,
				35D6FF212CC4FE6C00EAA509 /* ResetPasswordPage.swift */,
			);
			path = Page;
			sourceTree = "<group>";
		};
		35545F262B80A49200B21AB4 /* Utils */ = {
			isa = PBXGroup;
			children = (
				35545F312B849FFE00B21AB4 /* UtilDate.swift */,
				35545F332B88F9AC00B21AB4 /* Convert.swift */,
			);
			path = Utils;
			sourceTree = "<group>";
		};
		35A17E352CC2489D0075A2AB /* Handler */ = {
			isa = PBXGroup;
			children = (
				35A17E362CC248E40075A2AB /* FirebaseErrorHandler.swift */,
			);
			path = Handler;
			sourceTree = "<group>";
		};
		35A17E3C2CC2A9BE0075A2AB /* Form */ = {
			isa = PBXGroup;
			children = (
				35D15AEF2CBE8D04000AC4E1 /* FormTextFieldView.swift */,
				35A17E3F2CC2CEEF0075A2AB /* FormButtonView.swift */,
			);
			path = Form;
			sourceTree = "<group>";
		};
		35C1B3022C0EED2C008D7CB1 /* Screen */ = {
			isa = PBXGroup;
			children = (
				35C1B3032C0EED4F008D7CB1 /* PassCodeSettingScreenView.swift */,
				35C1B3072C1177CE008D7CB1 /* PassCodeLockScreenView.swift */,
				35586F302C143D76006852F4 /* PassCodeSettingScreen2View.swift */,
			);
			path = Screen;
			sourceTree = "<group>";
		};
		BE402F4B7632645546A2C8AC /* Frameworks */ = {
			isa = PBXGroup;
			children = (
				EE14BED3429EA1A36EA48D8D /* Pods_ScanBook.framework */,
				9BDFC196451B094C85646FA6 /* Pods_ScanBook_ScanBookUITests.framework */,
				D272A8D76F1538BBA9CCE1FA /* Pods_ScanBookTests.framework */,
			);
			name = Frameworks;
			sourceTree = "<group>";
		};
		C3D46CB48E7005820FE6C3B2 /* Pods */ = {
			isa = PBXGroup;
			children = (
				C47E06B4EA71B710ACB22B90 /* Pods-ScanBook.debug.xcconfig */,
				B0C77C806E3AA40F70950AC1 /* Pods-ScanBook.release.xcconfig */,
				239C806C3CEC72DA74703264 /* Pods-ScanBook-ScanBookUITests.debug.xcconfig */,
				4B4B102ABE614F4412FE6A4C /* Pods-ScanBook-ScanBookUITests.release.xcconfig */,
				10E687F04E9D60679F0EEB1A /* Pods-ScanBookTests.debug.xcconfig */,
				260587FE06031AA60CBFED81 /* Pods-ScanBookTests.release.xcconfig */,
			);
			path = Pods;
			sourceTree = "<group>";
		};
/* End PBXGroup section */

/* Begin PBXNativeTarget section */
		354255562B4BC8B100559413 /* ScanBook */ = {
			isa = PBXNativeTarget;
			buildConfigurationList = 354255812B4BC8B300559413 /* Build configuration list for PBXNativeTarget "ScanBook" */;
			buildPhases = (
				C63351F59B8112AC44D04A59 /* [CP] Check Pods Manifest.lock */,
				354255532B4BC8B100559413 /* Sources */,
				354255542B4BC8B100559413 /* Frameworks */,
				354255552B4BC8B100559413 /* Resources */,
				3AB182A877C37B3EBE441159 /* [CP] Copy Pods Resources */,
			);
			buildRules = (
			);
			dependencies = (
			);
			name = ScanBook;
			packageProductDependencies = (
				35545F2C2B82201700B21AB4 /* WithPrevious */,
				35882AD72B9A1FA000079C48 /* CombineCocoa */,
				350ED2682BBBDF1A0051A11E /* AlertMessage */,
				352A7F182BE631A4005E06BD /* SwiftUIRippleEffect */,
				35DF4C9A2C569CD10082FEB0 /* BinaryCodable */,
				35D15AB02CBE7AEE000AC4E1 /* FirebaseAuth */,
				35D15AB22CBE7AEE000AC4E1 /* FirebaseCore */,
				35D15AB42CBE7AEE000AC4E1 /* FirebaseFirestore */,
				35D15AB62CBE7AEE000AC4E1 /* FirebaseStorage */,
			);
			productName = ScanBook;
			productReference = 354255572B4BC8B100559413 /* ScanBook.app */;
			productType = "com.apple.product-type.application";
		};
		3542556C2B4BC8B200559413 /* ScanBookTests */ = {
			isa = PBXNativeTarget;
			buildConfigurationList = 354255842B4BC8B300559413 /* Build configuration list for PBXNativeTarget "ScanBookTests" */;
			buildPhases = (
				2DB4DE1472F7C7A5BABCFD31 /* [CP] Check Pods Manifest.lock */,
				354255692B4BC8B200559413 /* Sources */,
				3542556A2B4BC8B200559413 /* Frameworks */,
				3542556B2B4BC8B200559413 /* Resources */,
			);
			buildRules = (
			);
			dependencies = (
				3542556F2B4BC8B200559413 /* PBXTargetDependency */,
			);
			name = ScanBookTests;
			productName = ScanBookTests;
			productReference = 3542556D2B4BC8B200559413 /* ScanBookTests.xctest */;
			productType = "com.apple.product-type.bundle.unit-test";
		};
		354255762B4BC8B300559413 /* ScanBookUITests */ = {
			isa = PBXNativeTarget;
			buildConfigurationList = 354255872B4BC8B300559413 /* Build configuration list for PBXNativeTarget "ScanBookUITests" */;
			buildPhases = (
				C7FFEEAB12D38B7C110682CC /* [CP] Check Pods Manifest.lock */,
				354255732B4BC8B300559413 /* Sources */,
				354255742B4BC8B300559413 /* Frameworks */,
				354255752B4BC8B300559413 /* Resources */,
				49FD60E0FEE0828CC5427154 /* [CP] Copy Pods Resources */,
			);
			buildRules = (
			);
			dependencies = (
				354255792B4BC8B300559413 /* PBXTargetDependency */,
			);
			name = ScanBookUITests;
			productName = ScanBookUITests;
			productReference = 354255772B4BC8B300559413 /* ScanBookUITests.xctest */;
			productType = "com.apple.product-type.bundle.ui-testing";
		};
/* End PBXNativeTarget section */

/* Begin PBXProject section */
		3542554F2B4BC8B100559413 /* Project object */ = {
			isa = PBXProject;
			attributes = {
				BuildIndependentTargetsInParallel = 1;
				LastSwiftUpdateCheck = 1430;
				LastUpgradeCheck = 1520;
				TargetAttributes = {
					354255562B4BC8B100559413 = {
						CreatedOnToolsVersion = 14.3;
					};
					3542556C2B4BC8B200559413 = {
						CreatedOnToolsVersion = 14.3;
						TestTargetID = 354255562B4BC8B100559413;
					};
					354255762B4BC8B300559413 = {
						CreatedOnToolsVersion = 14.3;
						TestTargetID = 354255562B4BC8B100559413;
					};
				};
			};
			buildConfigurationList = 354255522B4BC8B100559413 /* Build configuration list for PBXProject "ScanBook" */;
			compatibilityVersion = "Xcode 14.0";
			developmentRegion = en;
			hasScannedForEncodings = 0;
			knownRegions = (
				en,
				Base,
				ja,
			);
			mainGroup = 3542554E2B4BC8B100559413;
			packageReferences = (
				35545F2B2B82201700B21AB4 /* XCRemoteSwiftPackageReference "swift-with-previous" */,
				35882AD62B9A1F9F00079C48 /* XCRemoteSwiftPackageReference "CombineCocoa" */,
				350ED2672BBBDF1A0051A11E /* XCRemoteSwiftPackageReference "AlertMessage" */,
				352A7F172BE631A4005E06BD /* XCRemoteSwiftPackageReference "SwiftUIRippleEffect" */,
				35DF4C992C569CD00082FEB0 /* XCRemoteSwiftPackageReference "BinaryCodable" */,
				35D15AAF2CBE7AEE000AC4E1 /* XCRemoteSwiftPackageReference "firebase-ios-sdk" */,
			);
			productRefGroup = 354255582B4BC8B100559413 /* Products */;
			projectDirPath = "";
			projectRoot = "";
			targets = (
				354255562B4BC8B100559413 /* ScanBook */,
				3542556C2B4BC8B200559413 /* ScanBookTests */,
				354255762B4BC8B300559413 /* ScanBookUITests */,
			);
		};
/* End PBXProject section */

/* Begin PBXResourcesBuildPhase section */
		354255552B4BC8B100559413 /* Resources */ = {
			isa = PBXResourcesBuildPhase;
			buildActionMask = 2147483647;
			files = (
				354255622B4BC8B200559413 /* Preview Assets.xcassets in Resources */,
				35A4ABBA2CE5B6CF00F42A5E /* GoogleServiceTest-Info.plist in Resources */,
				35D15AAE2CBE3C80000AC4E1 /* GoogleService-Info.plist in Resources */,
				3542555F2B4BC8B200559413 /* Assets.xcassets in Resources */,
			);
			runOnlyForDeploymentPostprocessing = 0;
		};
		3542556B2B4BC8B200559413 /* Resources */ = {
			isa = PBXResourcesBuildPhase;
			buildActionMask = 2147483647;
			files = (
			);
			runOnlyForDeploymentPostprocessing = 0;
		};
		354255752B4BC8B300559413 /* Resources */ = {
			isa = PBXResourcesBuildPhase;
			buildActionMask = 2147483647;
			files = (
			);
			runOnlyForDeploymentPostprocessing = 0;
		};
/* End PBXResourcesBuildPhase section */

/* Begin PBXShellScriptBuildPhase section */
		2DB4DE1472F7C7A5BABCFD31 /* [CP] Check Pods Manifest.lock */ = {
			isa = PBXShellScriptBuildPhase;
			buildActionMask = 2147483647;
			files = (
			);
			inputFileListPaths = (
			);
			inputPaths = (
				"${PODS_PODFILE_DIR_PATH}/Podfile.lock",
				"${PODS_ROOT}/Manifest.lock",
			);
			name = "[CP] Check Pods Manifest.lock";
			outputFileListPaths = (
			);
			outputPaths = (
				"$(DERIVED_FILE_DIR)/Pods-ScanBookTests-checkManifestLockResult.txt",
			);
			runOnlyForDeploymentPostprocessing = 0;
			shellPath = /bin/sh;
			shellScript = "diff \"${PODS_PODFILE_DIR_PATH}/Podfile.lock\" \"${PODS_ROOT}/Manifest.lock\" > /dev/null\nif [ $? != 0 ] ; then\n    # print error to STDERR\n    echo \"error: The sandbox is not in sync with the Podfile.lock. Run 'pod install' or update your CocoaPods installation.\" >&2\n    exit 1\nfi\n# This output is used by Xcode 'outputs' to avoid re-running this script phase.\necho \"SUCCESS\" > \"${SCRIPT_OUTPUT_FILE_0}\"\n";
			showEnvVarsInLog = 0;
		};
		3AB182A877C37B3EBE441159 /* [CP] Copy Pods Resources */ = {
			isa = PBXShellScriptBuildPhase;
			buildActionMask = 2147483647;
			files = (
			);
			inputFileListPaths = (
				"${PODS_ROOT}/Target Support Files/Pods-ScanBook/Pods-ScanBook-resources-${CONFIGURATION}-input-files.xcfilelist",
			);
			name = "[CP] Copy Pods Resources";
			outputFileListPaths = (
				"${PODS_ROOT}/Target Support Files/Pods-ScanBook/Pods-ScanBook-resources-${CONFIGURATION}-output-files.xcfilelist",
			);
			runOnlyForDeploymentPostprocessing = 0;
			shellPath = /bin/sh;
			shellScript = "\"${PODS_ROOT}/Target Support Files/Pods-ScanBook/Pods-ScanBook-resources.sh\"\n";
			showEnvVarsInLog = 0;
		};
		49FD60E0FEE0828CC5427154 /* [CP] Copy Pods Resources */ = {
			isa = PBXShellScriptBuildPhase;
			buildActionMask = 2147483647;
			files = (
			);
			inputFileListPaths = (
				"${PODS_ROOT}/Target Support Files/Pods-ScanBook-ScanBookUITests/Pods-ScanBook-ScanBookUITests-resources-${CONFIGURATION}-input-files.xcfilelist",
			);
			name = "[CP] Copy Pods Resources";
			outputFileListPaths = (
				"${PODS_ROOT}/Target Support Files/Pods-ScanBook-ScanBookUITests/Pods-ScanBook-ScanBookUITests-resources-${CONFIGURATION}-output-files.xcfilelist",
			);
			runOnlyForDeploymentPostprocessing = 0;
			shellPath = /bin/sh;
			shellScript = "\"${PODS_ROOT}/Target Support Files/Pods-ScanBook-ScanBookUITests/Pods-ScanBook-ScanBookUITests-resources.sh\"\n";
			showEnvVarsInLog = 0;
		};
		C63351F59B8112AC44D04A59 /* [CP] Check Pods Manifest.lock */ = {
			isa = PBXShellScriptBuildPhase;
			buildActionMask = 2147483647;
			files = (
			);
			inputFileListPaths = (
			);
			inputPaths = (
				"${PODS_PODFILE_DIR_PATH}/Podfile.lock",
				"${PODS_ROOT}/Manifest.lock",
			);
			name = "[CP] Check Pods Manifest.lock";
			outputFileListPaths = (
			);
			outputPaths = (
				"$(DERIVED_FILE_DIR)/Pods-ScanBook-checkManifestLockResult.txt",
			);
			runOnlyForDeploymentPostprocessing = 0;
			shellPath = /bin/sh;
			shellScript = "diff \"${PODS_PODFILE_DIR_PATH}/Podfile.lock\" \"${PODS_ROOT}/Manifest.lock\" > /dev/null\nif [ $? != 0 ] ; then\n    # print error to STDERR\n    echo \"error: The sandbox is not in sync with the Podfile.lock. Run 'pod install' or update your CocoaPods installation.\" >&2\n    exit 1\nfi\n# This output is used by Xcode 'outputs' to avoid re-running this script phase.\necho \"SUCCESS\" > \"${SCRIPT_OUTPUT_FILE_0}\"\n";
			showEnvVarsInLog = 0;
		};
		C7FFEEAB12D38B7C110682CC /* [CP] Check Pods Manifest.lock */ = {
			isa = PBXShellScriptBuildPhase;
			buildActionMask = 2147483647;
			files = (
			);
			inputFileListPaths = (
			);
			inputPaths = (
				"${PODS_PODFILE_DIR_PATH}/Podfile.lock",
				"${PODS_ROOT}/Manifest.lock",
			);
			name = "[CP] Check Pods Manifest.lock";
			outputFileListPaths = (
			);
			outputPaths = (
				"$(DERIVED_FILE_DIR)/Pods-ScanBook-ScanBookUITests-checkManifestLockResult.txt",
			);
			runOnlyForDeploymentPostprocessing = 0;
			shellPath = /bin/sh;
			shellScript = "diff \"${PODS_PODFILE_DIR_PATH}/Podfile.lock\" \"${PODS_ROOT}/Manifest.lock\" > /dev/null\nif [ $? != 0 ] ; then\n    # print error to STDERR\n    echo \"error: The sandbox is not in sync with the Podfile.lock. Run 'pod install' or update your CocoaPods installation.\" >&2\n    exit 1\nfi\n# This output is used by Xcode 'outputs' to avoid re-running this script phase.\necho \"SUCCESS\" > \"${SCRIPT_OUTPUT_FILE_0}\"\n";
			showEnvVarsInLog = 0;
		};
/* End PBXShellScriptBuildPhase section */

/* Begin PBXSourcesBuildPhase section */
		354255532B4BC8B100559413 /* Sources */ = {
			isa = PBXSourcesBuildPhase;
			buildActionMask = 2147483647;
			files = (
				354255912B4C0BBE00559413 /* TextFieldView .swift in Sources */,
				35A17E372CC248E40075A2AB /* FirebaseErrorHandler.swift in Sources */,
				35882ADA2B9A21AC00079C48 /* imageViewer.swift in Sources */,
				35545F342B88F9AD00B21AB4 /* Convert.swift in Sources */,
				35D323422CD118580088D093 /* Loading2View.swift in Sources */,
				35586F332C17356B006852F4 /* SettingModel.swift in Sources */,
				35545F212B7E449D00B21AB4 /* view.swift in Sources */,
				35545F232B7E44C000B21AB4 /* CustomBackButtonView.swift in Sources */,
				35E13DC42BFB235E00F97C53 /* LoadingView.swift in Sources */,
				35A17E3E2CC2AD920075A2AB /* SinUpViewModel.swift in Sources */,
				35C1B2FD2C08008E008D7CB1 /* PasscodeSettingModel.swift in Sources */,
				35A17E7B2CC3CB260075A2AB /* AccountViewModel.swift in Sources */,
				35C1B3062C10253F008D7CB1 /* PassCheck.swift in Sources */,
				35A17E3B2CC251980075A2AB /* FirestoreBookData.swift in Sources */,
				35586F312C143D76006852F4 /* PassCodeSettingScreen2View.swift in Sources */,
				356866182C23BF98007879EB /* ICloudSettingModel.swift in Sources */,
				35882AD52B9A1F1500079C48 /* UIImageViewerView.swift in Sources */,
				35315F8F2B6E271E0045014B /* PersistenceController.swift in Sources */,
				35F4CC252C99E01E0063D310 /* ScanBookModelVer1toVer2.xcmappingmodel in Sources */,
				356866162C23BDDF007879EB /* ICloudSettingPage.swift in Sources */,
				35315F7E2B6142A20045014B /* DropDownView.swift in Sources */,
				350ED2662BBAA1970051A11E /* HomeModel.swift in Sources */,
				35C1B3012C0B5803008D7CB1 /* LocalAuthServise.swift in Sources */,
				35C1B2FB2BFE58B9008D7CB1 /* PassCodeSettingPage.swift in Sources */,
				35D46DEA2BF33BFF00A605F5 /* BookDataItem.swift in Sources */,
				35545F1F2B79198300B21AB4 /* ScannerView.swift in Sources */,
				35D6FF242CC501AF00EAA509 /* ResetPasswordViewModel.swift in Sources */,
				3542558F2B4BDEBB00559413 /* LibraryPage.swift in Sources */,
				35545F322B849FFE00B21AB4 /* UtilDate.swift in Sources */,
				35315F952B720D150045014B /* SearchBarView.swift in Sources */,
				359B0DFC2BB5159B00F2A7E4 /* HomePage.swift in Sources */,
				356866142C22B135007879EB /* CheckIcloudServise.swift in Sources */,
				35315F822B6DE1350045014B /* PreviewPage.swift in Sources */,
				35A17E792CC392E70075A2AB /* AccountPage.swift in Sources */,
				35A17E7D2CC3DC360075A2AB /* LoginPage.swift in Sources */,
				35315F842B6DE1B80045014B /* LibraryModel.swift in Sources */,
				35315F792B5556F90045014B /* AddModel.swift in Sources */,
				35C1B3042C0EED4F008D7CB1 /* PassCodeSettingScreenView.swift in Sources */,
				354255672B4BC8B200559413 /* ScanBook.xcdatamodeld in Sources */,
				35C1B3082C1177CE008D7CB1 /* PassCodeLockScreenView.swift in Sources */,
				35545F252B7FBA9700B21AB4 /* ImageMagnificationView.swift in Sources */,
				35D15AF02CBE8D04000AC4E1 /* FormTextFieldView.swift in Sources */,
				35545F282B80B09E00B21AB4 /* BookSlider.swift in Sources */,
				35315F922B6E27900045014B /* BookData+CoreDataClass.swift in Sources */,
				35545F2A2B821C2A00B21AB4 /* PageViewController.swift in Sources */,
				35A17E392CC24A330075A2AB /* FirebaseServise.swift in Sources */,
				3542555D2B4BC8B100559413 /* ContentView.swift in Sources */,
				35D6FF222CC4FE6C00EAA509 /* ResetPasswordPage.swift in Sources */,
				35A17E7F2CC3E2C80075A2AB /* LoginViewModel.swift in Sources */,
				356866202C2D1C0D007879EB /* BannerView.swift in Sources */,
				35315F802B6974810045014B /* SettingPage.swift in Sources */,
				359CD2DD2BA57AA700BC7005 /* CustomAlertView.swift in Sources */,
				35315F8D2B6E26A90045014B /* BookData+CoreDataProperties.swift in Sources */,
				35882ADC2B9C976300079C48 /* PreviewModel.swift in Sources */,
				35A17E402CC2CEEF0075A2AB /* FormButtonView.swift in Sources */,
				3542558B2B4BDA6A00559413 /* AddPage.swift in Sources */,
				35545F2F2B8497F800B21AB4 /* Bounds.swift in Sources */,
				35586F352C1A80D4006852F4 /* SettingRootView.swift in Sources */,
				3542555B2B4BC8B100559413 /* ScanBookApp.swift in Sources */,
				356866222C2D1ED0007879EB /* BannerViewController.swift in Sources */,
				35A17E342CC2459C0075A2AB /* SinUpPage.swift in Sources */,
				35C1B2FF2C083ED8008D7CB1 /* LocalAuthView.swift in Sources */,
			);
			runOnlyForDeploymentPostprocessing = 0;
		};
		354255692B4BC8B200559413 /* Sources */ = {
			isa = PBXSourcesBuildPhase;
			buildActionMask = 2147483647;
			files = (
				354255722B4BC8B300559413 /* ScanBookTests.swift in Sources */,
			);
			runOnlyForDeploymentPostprocessing = 0;
		};
		354255732B4BC8B300559413 /* Sources */ = {
			isa = PBXSourcesBuildPhase;
			buildActionMask = 2147483647;
			files = (
				3542557E2B4BC8B300559413 /* ScanBookUITestsLaunchTests.swift in Sources */,
				3542557C2B4BC8B300559413 /* ScanBookUITests.swift in Sources */,
			);
			runOnlyForDeploymentPostprocessing = 0;
		};
/* End PBXSourcesBuildPhase section */

/* Begin PBXTargetDependency section */
		3542556F2B4BC8B200559413 /* PBXTargetDependency */ = {
			isa = PBXTargetDependency;
			target = 354255562B4BC8B100559413 /* ScanBook */;
			targetProxy = 3542556E2B4BC8B200559413 /* PBXContainerItemProxy */;
		};
		354255792B4BC8B300559413 /* PBXTargetDependency */ = {
			isa = PBXTargetDependency;
			target = 354255562B4BC8B100559413 /* ScanBook */;
			targetProxy = 354255782B4BC8B300559413 /* PBXContainerItemProxy */;
		};
/* End PBXTargetDependency section */

/* Begin XCBuildConfiguration section */
		3542557F2B4BC8B300559413 /* Debug */ = {
			isa = XCBuildConfiguration;
			buildSettings = {
				ALWAYS_SEARCH_USER_PATHS = NO;
				CLANG_ANALYZER_NONNULL = YES;
				CLANG_ANALYZER_NUMBER_OBJECT_CONVERSION = YES_AGGRESSIVE;
				CLANG_CXX_LANGUAGE_STANDARD = "gnu++20";
				CLANG_ENABLE_MODULES = YES;
				CLANG_ENABLE_OBJC_ARC = YES;
				CLANG_ENABLE_OBJC_WEAK = YES;
				CLANG_WARN_BLOCK_CAPTURE_AUTORELEASING = YES;
				CLANG_WARN_BOOL_CONVERSION = YES;
				CLANG_WARN_COMMA = YES;
				CLANG_WARN_CONSTANT_CONVERSION = YES;
				CLANG_WARN_DEPRECATED_OBJC_IMPLEMENTATIONS = YES;
				CLANG_WARN_DIRECT_OBJC_ISA_USAGE = YES_ERROR;
				CLANG_WARN_DOCUMENTATION_COMMENTS = YES;
				CLANG_WARN_EMPTY_BODY = YES;
				CLANG_WARN_ENUM_CONVERSION = YES;
				CLANG_WARN_INFINITE_RECURSION = YES;
				CLANG_WARN_INT_CONVERSION = YES;
				CLANG_WARN_NON_LITERAL_NULL_CONVERSION = YES;
				CLANG_WARN_OBJC_IMPLICIT_RETAIN_SELF = YES;
				CLANG_WARN_OBJC_LITERAL_CONVERSION = YES;
				CLANG_WARN_OBJC_ROOT_CLASS = YES_ERROR;
				CLANG_WARN_QUOTED_INCLUDE_IN_FRAMEWORK_HEADER = YES;
				CLANG_WARN_RANGE_LOOP_ANALYSIS = YES;
				CLANG_WARN_STRICT_PROTOTYPES = YES;
				CLANG_WARN_SUSPICIOUS_MOVE = YES;
				CLANG_WARN_UNGUARDED_AVAILABILITY = YES_AGGRESSIVE;
				CLANG_WARN_UNREACHABLE_CODE = YES;
				CLANG_WARN__DUPLICATE_METHOD_MATCH = YES;
				COPY_PHASE_STRIP = NO;
				DEBUG_INFORMATION_FORMAT = dwarf;
				ENABLE_STRICT_OBJC_MSGSEND = YES;
				ENABLE_TESTABILITY = YES;
				ENABLE_USER_SCRIPT_SANDBOXING = NO;
				GCC_C_LANGUAGE_STANDARD = gnu11;
				GCC_DYNAMIC_NO_PIC = NO;
				GCC_NO_COMMON_BLOCKS = YES;
				GCC_OPTIMIZATION_LEVEL = 0;
				GCC_PREPROCESSOR_DEFINITIONS = (
					"DEBUG=1",
					"$(inherited)",
				);
				GCC_WARN_64_TO_32_BIT_CONVERSION = YES;
				GCC_WARN_ABOUT_RETURN_TYPE = YES_ERROR;
				GCC_WARN_UNDECLARED_SELECTOR = YES;
				GCC_WARN_UNINITIALIZED_AUTOS = YES_AGGRESSIVE;
				GCC_WARN_UNUSED_FUNCTION = YES;
				GCC_WARN_UNUSED_VARIABLE = YES;
				IPHONEOS_DEPLOYMENT_TARGET = 17.0;
				MTL_ENABLE_DEBUG_INFO = INCLUDE_SOURCE;
				MTL_FAST_MATH = YES;
				ONLY_ACTIVE_ARCH = YES;
				SDKROOT = iphoneos;
				SWIFT_ACTIVE_COMPILATION_CONDITIONS = DEBUG;
				SWIFT_OPTIMIZATION_LEVEL = "-Onone";
			};
			name = Debug;
		};
		354255802B4BC8B300559413 /* Release */ = {
			isa = XCBuildConfiguration;
			buildSettings = {
				ALWAYS_SEARCH_USER_PATHS = NO;
				CLANG_ANALYZER_NONNULL = YES;
				CLANG_ANALYZER_NUMBER_OBJECT_CONVERSION = YES_AGGRESSIVE;
				CLANG_CXX_LANGUAGE_STANDARD = "gnu++20";
				CLANG_ENABLE_MODULES = YES;
				CLANG_ENABLE_OBJC_ARC = YES;
				CLANG_ENABLE_OBJC_WEAK = YES;
				CLANG_WARN_BLOCK_CAPTURE_AUTORELEASING = YES;
				CLANG_WARN_BOOL_CONVERSION = YES;
				CLANG_WARN_COMMA = YES;
				CLANG_WARN_CONSTANT_CONVERSION = YES;
				CLANG_WARN_DEPRECATED_OBJC_IMPLEMENTATIONS = YES;
				CLANG_WARN_DIRECT_OBJC_ISA_USAGE = YES_ERROR;
				CLANG_WARN_DOCUMENTATION_COMMENTS = YES;
				CLANG_WARN_EMPTY_BODY = YES;
				CLANG_WARN_ENUM_CONVERSION = YES;
				CLANG_WARN_INFINITE_RECURSION = YES;
				CLANG_WARN_INT_CONVERSION = YES;
				CLANG_WARN_NON_LITERAL_NULL_CONVERSION = YES;
				CLANG_WARN_OBJC_IMPLICIT_RETAIN_SELF = YES;
				CLANG_WARN_OBJC_LITERAL_CONVERSION = YES;
				CLANG_WARN_OBJC_ROOT_CLASS = YES_ERROR;
				CLANG_WARN_QUOTED_INCLUDE_IN_FRAMEWORK_HEADER = YES;
				CLANG_WARN_RANGE_LOOP_ANALYSIS = YES;
				CLANG_WARN_STRICT_PROTOTYPES = YES;
				CLANG_WARN_SUSPICIOUS_MOVE = YES;
				CLANG_WARN_UNGUARDED_AVAILABILITY = YES_AGGRESSIVE;
				CLANG_WARN_UNREACHABLE_CODE = YES;
				CLANG_WARN__DUPLICATE_METHOD_MATCH = YES;
				COPY_PHASE_STRIP = NO;
				DEBUG_INFORMATION_FORMAT = "dwarf-with-dsym";
				ENABLE_NS_ASSERTIONS = NO;
				ENABLE_STRICT_OBJC_MSGSEND = YES;
				ENABLE_USER_SCRIPT_SANDBOXING = NO;
				GCC_C_LANGUAGE_STANDARD = gnu11;
				GCC_NO_COMMON_BLOCKS = YES;
				GCC_WARN_64_TO_32_BIT_CONVERSION = YES;
				GCC_WARN_ABOUT_RETURN_TYPE = YES_ERROR;
				GCC_WARN_UNDECLARED_SELECTOR = YES;
				GCC_WARN_UNINITIALIZED_AUTOS = YES_AGGRESSIVE;
				GCC_WARN_UNUSED_FUNCTION = YES;
				GCC_WARN_UNUSED_VARIABLE = YES;
				IPHONEOS_DEPLOYMENT_TARGET = 17.0;
				MTL_ENABLE_DEBUG_INFO = NO;
				MTL_FAST_MATH = YES;
				SDKROOT = iphoneos;
				SWIFT_COMPILATION_MODE = wholemodule;
				SWIFT_OPTIMIZATION_LEVEL = "-O";
				VALIDATE_PRODUCT = YES;
			};
			name = Release;
		};
		354255822B4BC8B300559413 /* Debug */ = {
			isa = XCBuildConfiguration;
			baseConfigurationReference = C47E06B4EA71B710ACB22B90 /* Pods-ScanBook.debug.xcconfig */;
			buildSettings = {
				ASSETCATALOG_COMPILER_APPICON_NAME = AppIcon;
				ASSETCATALOG_COMPILER_GLOBAL_ACCENT_COLOR_NAME = AccentColor;
				BANNER_ID = "ca-app-pub-3940256099942544/2934735716";
				CODE_SIGN_ENTITLEMENTS = ScanBook/ScanBook.entitlements;
				CODE_SIGN_IDENTITY = "Apple Development";
				CODE_SIGN_STYLE = Automatic;
				CURRENT_PROJECT_VERSION = 1;
				DEVELOPMENT_ASSET_PATHS = "\"ScanBook/Preview Content\"";
				DEVELOPMENT_TEAM = 7UWG7YPL59;
				ENABLE_PREVIEWS = YES;
				GENERATE_INFOPLIST_FILE = YES;
				INFOPLIST_FILE = ScanBook/Info.plist;
				INFOPLIST_KEY_LSApplicationCategoryType = "";
				INFOPLIST_KEY_NSCameraUsageDescription = "本や書類をスキャンするために、カメラを使用します。";
				INFOPLIST_KEY_NSFaceIDUsageDescription = "FaceIDを使用して、アプリへのアクセスを保護し、安全な認証を提供します。";
				INFOPLIST_KEY_UIApplicationSceneManifest_Generation = YES;
				INFOPLIST_KEY_UIApplicationSupportsIndirectInputEvents = YES;
				INFOPLIST_KEY_UILaunchScreen_Generation = YES;
				INFOPLIST_KEY_UISupportedInterfaceOrientations_iPad = "UIInterfaceOrientationPortrait UIInterfaceOrientationPortraitUpsideDown UIInterfaceOrientationLandscapeLeft UIInterfaceOrientationLandscapeRight";
				INFOPLIST_KEY_UISupportedInterfaceOrientations_iPhone = "UIInterfaceOrientationPortrait UIInterfaceOrientationLandscapeLeft UIInterfaceOrientationLandscapeRight";
				IPHONEOS_DEPLOYMENT_TARGET = 17.0;
				LD_RUNPATH_SEARCH_PATHS = (
					"$(inherited)",
					"@executable_path/Frameworks",
				);
				MARKETING_VERSION = 1.1;
				PRODUCT_BUNDLE_IDENTIFIER = com.keito.scanbook;
				PRODUCT_NAME = "$(TARGET_NAME)";
				PROVISIONING_PROFILE_SPECIFIER = "";
				SWIFT_EMIT_LOC_STRINGS = YES;
				SWIFT_VERSION = 5.0;
				TARGETED_DEVICE_FAMILY = "1,2";
			};
			name = Debug;
		};
		354255832B4BC8B300559413 /* Release */ = {
			isa = XCBuildConfiguration;
			baseConfigurationReference = B0C77C806E3AA40F70950AC1 /* Pods-ScanBook.release.xcconfig */;
			buildSettings = {
				ASSETCATALOG_COMPILER_APPICON_NAME = AppIcon;
				ASSETCATALOG_COMPILER_GLOBAL_ACCENT_COLOR_NAME = AccentColor;
				BANNER_ID = "ca-app-pub-8369847853540237/4833688268";
				CODE_SIGN_ENTITLEMENTS = ScanBook/ScanBookRelease.entitlements;
				CODE_SIGN_IDENTITY = "Apple Development";
				CODE_SIGN_STYLE = Automatic;
				CURRENT_PROJECT_VERSION = 1;
				DEVELOPMENT_ASSET_PATHS = "\"ScanBook/Preview Content\"";
				DEVELOPMENT_TEAM = 7UWG7YPL59;
				ENABLE_PREVIEWS = YES;
				GENERATE_INFOPLIST_FILE = YES;
				INFOPLIST_FILE = ScanBook/Info.plist;
				INFOPLIST_KEY_LSApplicationCategoryType = "";
				INFOPLIST_KEY_NSCameraUsageDescription = "本や書類をスキャンするために、カメラを使用します。";
				INFOPLIST_KEY_NSFaceIDUsageDescription = "FaceIDを使用して、アプリへのアクセスを保護し、安全な認証を提供します。";
				INFOPLIST_KEY_UIApplicationSceneManifest_Generation = YES;
				INFOPLIST_KEY_UIApplicationSupportsIndirectInputEvents = YES;
				INFOPLIST_KEY_UILaunchScreen_Generation = YES;
				INFOPLIST_KEY_UISupportedInterfaceOrientations_iPad = "UIInterfaceOrientationPortrait UIInterfaceOrientationPortraitUpsideDown UIInterfaceOrientationLandscapeLeft UIInterfaceOrientationLandscapeRight";
				INFOPLIST_KEY_UISupportedInterfaceOrientations_iPhone = "UIInterfaceOrientationPortrait UIInterfaceOrientationLandscapeLeft UIInterfaceOrientationLandscapeRight";
				IPHONEOS_DEPLOYMENT_TARGET = 17.0;
				LD_RUNPATH_SEARCH_PATHS = (
					"$(inherited)",
					"@executable_path/Frameworks",
				);
				MARKETING_VERSION = 1.1;
				PRODUCT_BUNDLE_IDENTIFIER = com.keito.scanbook;
				PRODUCT_NAME = "$(TARGET_NAME)";
				PROVISIONING_PROFILE_SPECIFIER = "";
				SWIFT_EMIT_LOC_STRINGS = YES;
				SWIFT_VERSION = 5.0;
				TARGETED_DEVICE_FAMILY = "1,2";
			};
			name = Release;
		};
		354255852B4BC8B300559413 /* Debug */ = {
			isa = XCBuildConfiguration;
			baseConfigurationReference = 10E687F04E9D60679F0EEB1A /* Pods-ScanBookTests.debug.xcconfig */;
			buildSettings = {
				ALWAYS_EMBED_SWIFT_STANDARD_LIBRARIES = YES;
				BUNDLE_LOADER = "$(TEST_HOST)";
				CODE_SIGN_STYLE = Automatic;
				CURRENT_PROJECT_VERSION = 1;
				DEVELOPMENT_TEAM = 2GKXFJ7B26;
				GENERATE_INFOPLIST_FILE = YES;
				IPHONEOS_DEPLOYMENT_TARGET = 16.4;
				MARKETING_VERSION = 1.0;
				PRODUCT_BUNDLE_IDENTIFIER = com.ScanBookTests;
				PRODUCT_NAME = "$(TARGET_NAME)";
				SWIFT_EMIT_LOC_STRINGS = NO;
				SWIFT_VERSION = 5.0;
				TARGETED_DEVICE_FAMILY = "1,2";
				TEST_HOST = "$(BUILT_PRODUCTS_DIR)/ScanBook.app/$(BUNDLE_EXECUTABLE_FOLDER_PATH)/ScanBook";
			};
			name = Debug;
		};
		354255862B4BC8B300559413 /* Release */ = {
			isa = XCBuildConfiguration;
			baseConfigurationReference = 260587FE06031AA60CBFED81 /* Pods-ScanBookTests.release.xcconfig */;
			buildSettings = {
				ALWAYS_EMBED_SWIFT_STANDARD_LIBRARIES = YES;
				BUNDLE_LOADER = "$(TEST_HOST)";
				CODE_SIGN_STYLE = Automatic;
				CURRENT_PROJECT_VERSION = 1;
				DEVELOPMENT_TEAM = 2GKXFJ7B26;
				GENERATE_INFOPLIST_FILE = YES;
				IPHONEOS_DEPLOYMENT_TARGET = 16.4;
				MARKETING_VERSION = 1.0;
				PRODUCT_BUNDLE_IDENTIFIER = com.ScanBookTests;
				PRODUCT_NAME = "$(TARGET_NAME)";
				SWIFT_EMIT_LOC_STRINGS = NO;
				SWIFT_VERSION = 5.0;
				TARGETED_DEVICE_FAMILY = "1,2";
				TEST_HOST = "$(BUILT_PRODUCTS_DIR)/ScanBook.app/$(BUNDLE_EXECUTABLE_FOLDER_PATH)/ScanBook";
			};
			name = Release;
		};
		354255882B4BC8B300559413 /* Debug */ = {
			isa = XCBuildConfiguration;
			baseConfigurationReference = 239C806C3CEC72DA74703264 /* Pods-ScanBook-ScanBookUITests.debug.xcconfig */;
			buildSettings = {
				ALWAYS_EMBED_SWIFT_STANDARD_LIBRARIES = YES;
				CODE_SIGN_STYLE = Automatic;
				CURRENT_PROJECT_VERSION = 1;
				DEVELOPMENT_TEAM = 2GKXFJ7B26;
				GENERATE_INFOPLIST_FILE = YES;
				IPHONEOS_DEPLOYMENT_TARGET = 16.2;
				MARKETING_VERSION = 1.0;
				PRODUCT_BUNDLE_IDENTIFIER = com.ScanBookUITests;
				PRODUCT_NAME = "$(TARGET_NAME)";
				SWIFT_EMIT_LOC_STRINGS = NO;
				SWIFT_VERSION = 5.0;
				TARGETED_DEVICE_FAMILY = "1,2";
				TEST_TARGET_NAME = ScanBook;
			};
			name = Debug;
		};
		354255892B4BC8B300559413 /* Release */ = {
			isa = XCBuildConfiguration;
			baseConfigurationReference = 4B4B102ABE614F4412FE6A4C /* Pods-ScanBook-ScanBookUITests.release.xcconfig */;
			buildSettings = {
				ALWAYS_EMBED_SWIFT_STANDARD_LIBRARIES = YES;
				CODE_SIGN_STYLE = Automatic;
				CURRENT_PROJECT_VERSION = 1;
				DEVELOPMENT_TEAM = 2GKXFJ7B26;
				GENERATE_INFOPLIST_FILE = YES;
				IPHONEOS_DEPLOYMENT_TARGET = 16.2;
				MARKETING_VERSION = 1.0;
				PRODUCT_BUNDLE_IDENTIFIER = com.ScanBookUITests;
				PRODUCT_NAME = "$(TARGET_NAME)";
				SWIFT_EMIT_LOC_STRINGS = NO;
				SWIFT_VERSION = 5.0;
				TARGETED_DEVICE_FAMILY = "1,2";
				TEST_TARGET_NAME = ScanBook;
			};
			name = Release;
		};
/* End XCBuildConfiguration section */

/* Begin XCConfigurationList section */
		354255522B4BC8B100559413 /* Build configuration list for PBXProject "ScanBook" */ = {
			isa = XCConfigurationList;
			buildConfigurations = (
				3542557F2B4BC8B300559413 /* Debug */,
				354255802B4BC8B300559413 /* Release */,
			);
			defaultConfigurationIsVisible = 0;
			defaultConfigurationName = Release;
		};
		354255812B4BC8B300559413 /* Build configuration list for PBXNativeTarget "ScanBook" */ = {
			isa = XCConfigurationList;
			buildConfigurations = (
				354255822B4BC8B300559413 /* Debug */,
				354255832B4BC8B300559413 /* Release */,
			);
			defaultConfigurationIsVisible = 0;
			defaultConfigurationName = Release;
		};
		354255842B4BC8B300559413 /* Build configuration list for PBXNativeTarget "ScanBookTests" */ = {
			isa = XCConfigurationList;
			buildConfigurations = (
				354255852B4BC8B300559413 /* Debug */,
				354255862B4BC8B300559413 /* Release */,
			);
			defaultConfigurationIsVisible = 0;
			defaultConfigurationName = Release;
		};
		354255872B4BC8B300559413 /* Build configuration list for PBXNativeTarget "ScanBookUITests" */ = {
			isa = XCConfigurationList;
			buildConfigurations = (
				354255882B4BC8B300559413 /* Debug */,
				354255892B4BC8B300559413 /* Release */,
			);
			defaultConfigurationIsVisible = 0;
			defaultConfigurationName = Release;
		};
/* End XCConfigurationList section */

/* Begin XCRemoteSwiftPackageReference section */
		350ED2672BBBDF1A0051A11E /* XCRemoteSwiftPackageReference "AlertMessage" */ = {
			isa = XCRemoteSwiftPackageReference;
			repositoryURL = "https://github.com/danielkmarks23/AlertMessage.git";
			requirement = {
				kind = upToNextMajorVersion;
				minimumVersion = 1.0.0;
			};
		};
		352A7F172BE631A4005E06BD /* XCRemoteSwiftPackageReference "SwiftUIRippleEffect" */ = {
			isa = XCRemoteSwiftPackageReference;
			repositoryURL = "https://github.com/Jnis/SwiftUIRippleEffect.git";
			requirement = {
				kind = upToNextMajorVersion;
				minimumVersion = 1.0.1;
			};
		};
		35545F2B2B82201700B21AB4 /* XCRemoteSwiftPackageReference "swift-with-previous" */ = {
			isa = XCRemoteSwiftPackageReference;
			repositoryURL = "https://github.com/ikesyo/swift-with-previous.git";
			requirement = {
				kind = upToNextMajorVersion;
				minimumVersion = 1.0.0;
			};
		};
		35882AD62B9A1F9F00079C48 /* XCRemoteSwiftPackageReference "CombineCocoa" */ = {
			isa = XCRemoteSwiftPackageReference;
			repositoryURL = "https://github.com/CombineCommunity/CombineCocoa.git";
			requirement = {
				kind = upToNextMajorVersion;
				minimumVersion = 0.4.1;
			};
		};
		35D15AAF2CBE7AEE000AC4E1 /* XCRemoteSwiftPackageReference "firebase-ios-sdk" */ = {
			isa = XCRemoteSwiftPackageReference;
			repositoryURL = "https://github.com/firebase/firebase-ios-sdk";
			requirement = {
				kind = upToNextMajorVersion;
				minimumVersion = 11.3.0;
			};
		};
		35DF4C992C569CD00082FEB0 /* XCRemoteSwiftPackageReference "BinaryCodable" */ = {
			isa = XCRemoteSwiftPackageReference;
			repositoryURL = "https://github.com/christophhagen/BinaryCodable.git";
			requirement = {
				kind = upToNextMajorVersion;
				minimumVersion = 3.0.3;
			};
		};
/* End XCRemoteSwiftPackageReference section */

/* Begin XCSwiftPackageProductDependency section */
		350ED2682BBBDF1A0051A11E /* AlertMessage */ = {
			isa = XCSwiftPackageProductDependency;
			package = 350ED2672BBBDF1A0051A11E /* XCRemoteSwiftPackageReference "AlertMessage" */;
			productName = AlertMessage;
		};
		352A7F182BE631A4005E06BD /* SwiftUIRippleEffect */ = {
			isa = XCSwiftPackageProductDependency;
			package = 352A7F172BE631A4005E06BD /* XCRemoteSwiftPackageReference "SwiftUIRippleEffect" */;
			productName = SwiftUIRippleEffect;
		};
		35545F2C2B82201700B21AB4 /* WithPrevious */ = {
			isa = XCSwiftPackageProductDependency;
			package = 35545F2B2B82201700B21AB4 /* XCRemoteSwiftPackageReference "swift-with-previous" */;
			productName = WithPrevious;
		};
		35882AD72B9A1FA000079C48 /* CombineCocoa */ = {
			isa = XCSwiftPackageProductDependency;
			package = 35882AD62B9A1F9F00079C48 /* XCRemoteSwiftPackageReference "CombineCocoa" */;
			productName = CombineCocoa;
		};
		35D15AB02CBE7AEE000AC4E1 /* FirebaseAuth */ = {
			isa = XCSwiftPackageProductDependency;
			package = 35D15AAF2CBE7AEE000AC4E1 /* XCRemoteSwiftPackageReference "firebase-ios-sdk" */;
			productName = FirebaseAuth;
		};
		35D15AB22CBE7AEE000AC4E1 /* FirebaseCore */ = {
			isa = XCSwiftPackageProductDependency;
			package = 35D15AAF2CBE7AEE000AC4E1 /* XCRemoteSwiftPackageReference "firebase-ios-sdk" */;
			productName = FirebaseCore;
		};
		35D15AB42CBE7AEE000AC4E1 /* FirebaseFirestore */ = {
			isa = XCSwiftPackageProductDependency;
			package = 35D15AAF2CBE7AEE000AC4E1 /* XCRemoteSwiftPackageReference "firebase-ios-sdk" */;
			productName = FirebaseFirestore;
		};
		35D15AB62CBE7AEE000AC4E1 /* FirebaseStorage */ = {
			isa = XCSwiftPackageProductDependency;
			package = 35D15AAF2CBE7AEE000AC4E1 /* XCRemoteSwiftPackageReference "firebase-ios-sdk" */;
			productName = FirebaseStorage;
		};
		35DF4C9A2C569CD10082FEB0 /* BinaryCodable */ = {
			isa = XCSwiftPackageProductDependency;
			package = 35DF4C992C569CD00082FEB0 /* XCRemoteSwiftPackageReference "BinaryCodable" */;
			productName = BinaryCodable;
		};
/* End XCSwiftPackageProductDependency section */

/* Begin XCVersionGroup section */
		354255652B4BC8B200559413 /* ScanBook.xcdatamodeld */ = {
			isa = XCVersionGroup;
			children = (
				35F4CC232C99DEC40063D310 /* ScanBook 2.xcdatamodel */,
				354255662B4BC8B200559413 /* ScanBook.xcdatamodel */,
			);
			currentVersion = 35F4CC232C99DEC40063D310 /* ScanBook 2.xcdatamodel */;
			path = ScanBook.xcdatamodeld;
			sourceTree = "<group>";
			versionGroupType = wrapper.xcdatamodel;
		};
/* End XCVersionGroup section */
	};
	rootObject = 3542554F2B4BC8B100559413 /* Project object */;
}
